{
  "pins" : [
    {
      "identity" : "alamofire",
      "kind" : "remoteSourceControl",
      "location" : "https://github.com/Alamofire/Alamofire.git",
      "state" : {
        "revision" : "f455c2975872ccd2d9c81594c658af65716e9b9a",
        "version" : "5.9.1"
      }
    },
    {
      "identity" : "kakao-ios-sdk",
      "kind" : "remoteSourceControl",
      "location" : "https://github.com/kakao/kakao-ios-sdk.git",
      "state" : {
<<<<<<< HEAD
        "revision" : "5fcd519edd8ecfa134017fff90cf0d30e0a90919",
        "version" : "2.22.7"
=======
        "revision" : "66b3bddc2657e8ccb7a16fa0264aac99c57be09b",
        "version" : "2.22.5"
>>>>>>> d4502398 ([Feat] HBTINotesResultView 생성)
      }
    },
    {
      "identity" : "kakao-ios-sdk-rx",
      "kind" : "remoteSourceControl",
      "location" : "https://github.com/kakao/kakao-ios-sdk-rx",
      "state" : {
<<<<<<< HEAD
        "revision" : "837fadb84fba9cd769d9cc2a511b555e1852faa1",
        "version" : "2.22.7"
=======
        "revision" : "b5d6cd4bbf29e5e2a79b8a1d3c43e8df606dbb40",
        "version" : "2.22.5"
>>>>>>> d4502398 ([Feat] HBTINotesResultView 생성)
      }
    },
    {
      "identity" : "ohhttpstubs",
      "kind" : "remoteSourceControl",
      "location" : "https://github.com/AliSoftware/OHHTTPStubs.git",
      "state" : {
        "revision" : "12f19662426d0434d6c330c6974d53e2eb10ecd9",
        "version" : "9.1.0"
      }
    },
    {
      "identity" : "pretendardkit",
      "kind" : "remoteSourceControl",
      "location" : "https://github.com/wookeon/PretendardKit.git",
      "state" : {
        "revision" : "d8362d8ecee86c297f2784fa453037136914bc2c",
        "version" : "1.0.0"
      }
    },
    {
      "identity" : "rxalamofire",
      "kind" : "remoteSourceControl",
      "location" : "https://github.com/RxSwiftCommunity/RxAlamofire.git",
      "state" : {
        "revision" : "9535b58695b91fb67f56d58d6fd0c76462d7743a",
        "version" : "6.1.2"
      }
    },
    {
      "identity" : "rxswift",
      "kind" : "remoteSourceControl",
      "location" : "https://github.com/ReactiveX/RxSwift.git",
      "state" : {
        "revision" : "b06a8c8596e4c3e8e7788e08e720e3248563ce6a",
        "version" : "6.7.1"
      }
    }
  ],
  "version" : 2
}
