{
  "originHash" : "17ad9c1b9344646ba7987bf9895fd5665d055e04b39c551c26234393538683d7",
  "pins" : [
    {
      "identity" : "alamofire",
      "kind" : "remoteSourceControl",
      "location" : "https://github.com/Alamofire/Alamofire.git",
      "state" : {
        "revision" : "723fa5a6c65812aec4a0d7cc432ee198883b6e00",
        "version" : "5.9.0"
      }
    },
    {
      "identity" : "kakao-ios-sdk",
      "kind" : "remoteSourceControl",
      "location" : "https://github.com/kakao/kakao-ios-sdk.git",
      "state" : {
        "revision" : "b7a78bac4cb015fc3b1de34255b96421091fcf42",
        "version" : "2.22.0"
      }
    },
    {
      "identity" : "kakao-ios-sdk-rx",
      "kind" : "remoteSourceControl",
      "location" : "https://github.com/kakao/kakao-ios-sdk-rx",
      "state" : {
        "revision" : "b282310c0b67e7f6e50bd05f4d0db275eb8f5a05",
        "version" : "2.22.0"
      }
    },
    {
      "identity" : "ohhttpstubs",
      "kind" : "remoteSourceControl",
      "location" : "https://github.com/AliSoftware/OHHTTPStubs.git",
      "state" : {
        "revision" : "12f19662426d0434d6c330c6974d53e2eb10ecd9",
        "version" : "9.1.0"
      }
    },
    {
      "identity" : "pretendardkit",
      "kind" : "remoteSourceControl",
      "location" : "https://github.com/wookeon/PretendardKit.git",
      "state" : {
        "revision" : "d8362d8ecee86c297f2784fa453037136914bc2c",
        "version" : "1.0.0"
      }
    },
    {
      "identity" : "rxalamofire",
      "kind" : "remoteSourceControl",
      "location" : "https://github.com/RxSwiftCommunity/RxAlamofire.git",
      "state" : {
        "revision" : "9535b58695b91fb67f56d58d6fd0c76462d7743a",
        "version" : "6.1.2"
      }
    },
    {
      "identity" : "rxswift",
      "kind" : "remoteSourceControl",
      "location" : "https://github.com/ReactiveX/RxSwift.git",
      "state" : {
        "revision" : "9dcaa4b333db437b0fbfaf453fad29069044a8b4",
        "version" : "6.6.0"
      }
    }
  ],
  "version" : 3
}
