// !$*UTF8*$!
{
	archiveVersion = 1;
	classes = {
	};
	objectVersion = 55;
	objects = {

/* Begin PBXBuildFile section */
		0A0A6DE3C1361CCF9D8E7016 /* Pods_HMOA_iOSTests.framework in Frameworks */ = {isa = PBXBuildFile; fileRef = B8B8B44657C226494B4D2190 /* Pods_HMOA_iOSTests.framework */; };
		2AA456DA519D9C9FE9B6355B /* Pods_HMOA_iOS.framework in Frameworks */ = {isa = PBXBuildFile; fileRef = A266DA0D7E24CB1ED544B374 /* Pods_HMOA_iOS.framework */; };
		2C04246129A37F7B009CF0FE /* HomeViewReactor.swift in Sources */ = {isa = PBXBuildFile; fileRef = 2C04246029A37F7B009CF0FE /* HomeViewReactor.swift */; };
		2C04246429A39C26009CF0FE /* Perfume.swift in Sources */ = {isa = PBXBuildFile; fileRef = 2C04246329A39C26009CF0FE /* Perfume.swift */; };
		2C04246629A39C30009CF0FE /* HomeSection.swift in Sources */ = {isa = PBXBuildFile; fileRef = 2C04246529A39C30009CF0FE /* HomeSection.swift */; };
		2C04246929A3A992009CF0FE /* SearchViewController.swift in Sources */ = {isa = PBXBuildFile; fileRef = 2C04246829A3A992009CF0FE /* SearchViewController.swift */; };
		2C04246B29A3B3E3009CF0FE /* HomeCellReactor.swift in Sources */ = {isa = PBXBuildFile; fileRef = 2C04246A29A3B3E3009CF0FE /* HomeCellReactor.swift */; };
		2C04246E29A3E112009CF0FE /* DetailViewReactor.swift in Sources */ = {isa = PBXBuildFile; fileRef = 2C04246D29A3E112009CF0FE /* DetailViewReactor.swift */; };
		2C04247129A3E3D4009CF0FE /* PerfumeDetail.swift in Sources */ = {isa = PBXBuildFile; fileRef = 2C04247029A3E3D4009CF0FE /* PerfumeDetail.swift */; };
		2C04247329A3F7A6009CF0FE /* DetailSection.swift in Sources */ = {isa = PBXBuildFile; fileRef = 2C04247229A3F7A6009CF0FE /* DetailSection.swift */; };
		2C04247529A3F899009CF0FE /* Comment.swift in Sources */ = {isa = PBXBuildFile; fileRef = 2C04247429A3F899009CF0FE /* Comment.swift */; };
		2C04247729A3FCED009CF0FE /* PerfumeInfoViewReactor.swift in Sources */ = {isa = PBXBuildFile; fileRef = 2C04247629A3FCED009CF0FE /* PerfumeInfoViewReactor.swift */; };
		2C04247929A3FD03009CF0FE /* CommentCellReactor.swift in Sources */ = {isa = PBXBuildFile; fileRef = 2C04247829A3FD03009CF0FE /* CommentCellReactor.swift */; };
		2C04247F29A4C329009CF0FE /* CommentListViewController.swift in Sources */ = {isa = PBXBuildFile; fileRef = 2C04247E29A4C329009CF0FE /* CommentListViewController.swift */; };
		2C04248529A4D859009CF0FE /* CommentListReactor.swift in Sources */ = {isa = PBXBuildFile; fileRef = 2C04248429A4D859009CF0FE /* CommentListReactor.swift */; };
		2C04248B29A4FABA009CF0FE /* CommentSection.swift in Sources */ = {isa = PBXBuildFile; fileRef = 2C04248A29A4FABA009CF0FE /* CommentSection.swift */; };
		2C04249229A504D3009CF0FE /* CommentDetailViewController.swift in Sources */ = {isa = PBXBuildFile; fileRef = 2C04249129A504D3009CF0FE /* CommentDetailViewController.swift */; };
		2C04249429A50DB4009CF0FE /* CommentDetailReactor.swift in Sources */ = {isa = PBXBuildFile; fileRef = 2C04249329A50DB4009CF0FE /* CommentDetailReactor.swift */; };
		2C04249629A533DF009CF0FE /* CommentBottomView.swift in Sources */ = {isa = PBXBuildFile; fileRef = 2C04249529A533DF009CF0FE /* CommentBottomView.swift */; };
		2C04249B29A656BB009CF0FE /* CommentWriteViewController.swift in Sources */ = {isa = PBXBuildFile; fileRef = 2C04249A29A656BB009CF0FE /* CommentWriteViewController.swift */; };
		2C04249D29A65C32009CF0FE /* CommentWriteReactor.swift in Sources */ = {isa = PBXBuildFile; fileRef = 2C04249C29A65C32009CF0FE /* CommentWriteReactor.swift */; };
		2C04249F29A67F07009CF0FE /* UIButton++Extenstions.swift in Sources */ = {isa = PBXBuildFile; fileRef = 2C04249E29A67F07009CF0FE /* UIButton++Extenstions.swift */; };
		2C1BD6A9298FAA370059A43D /* CommentCell.swift in Sources */ = {isa = PBXBuildFile; fileRef = 2C1BD6A8298FAA370059A43D /* CommentCell.swift */; };
		2C1BD6AF298FDB3A0059A43D /* PerfumeInfoCell.swift in Sources */ = {isa = PBXBuildFile; fileRef = 2C1BD6AE298FDB3A0059A43D /* PerfumeInfoCell.swift */; };
		2C1BD6B1298FE5A40059A43D /* SimilarCell.swift in Sources */ = {isa = PBXBuildFile; fileRef = 2C1BD6B0298FE5A40059A43D /* SimilarCell.swift */; };
		2C1BD6B3298FF14F0059A43D /* SimilarHeaderView.swift in Sources */ = {isa = PBXBuildFile; fileRef = 2C1BD6B2298FF14F0059A43D /* SimilarHeaderView.swift */; };
		2C1BD6B629968CE00059A43D /* Pretendard in Frameworks */ = {isa = PBXBuildFile; productRef = 2C1BD6B529968CE00059A43D /* Pretendard */; };
		2C1BD6BC299785360059A43D /* EmptyPerfumeView.swift in Sources */ = {isa = PBXBuildFile; fileRef = 2C1BD6BB299785360059A43D /* EmptyPerfumeView.swift */; };
		2C1BD6BE29978EDD0059A43D /* BrandView.swift in Sources */ = {isa = PBXBuildFile; fileRef = 2C1BD6BD29978EDD0059A43D /* BrandView.swift */; };
		2C1BD6C0299798660059A43D /* TastingNoteView.swift in Sources */ = {isa = PBXBuildFile; fileRef = 2C1BD6BF299798660059A43D /* TastingNoteView.swift */; };
		2C1BD6C22997A35C0059A43D /* CommentHeaderView.swift in Sources */ = {isa = PBXBuildFile; fileRef = 2C1BD6C12997A35C0059A43D /* CommentHeaderView.swift */; };
		2C1BD6C42997A6F80059A43D /* CommentFooterView.swift in Sources */ = {isa = PBXBuildFile; fileRef = 2C1BD6C32997A6F80059A43D /* CommentFooterView.swift */; };
		2C1BD6C62998D34F0059A43D /* DetailBottomView.swift in Sources */ = {isa = PBXBuildFile; fileRef = 2C1BD6C52998D34F0059A43D /* DetailBottomView.swift */; };
		2C39AA16296DB4DE000C6F71 /* AppDelegate.swift in Sources */ = {isa = PBXBuildFile; fileRef = 2C39AA15296DB4DE000C6F71 /* AppDelegate.swift */; };
		2C39AA18296DB4DE000C6F71 /* SceneDelegate.swift in Sources */ = {isa = PBXBuildFile; fileRef = 2C39AA17296DB4DE000C6F71 /* SceneDelegate.swift */; };
		2C39AA20296DB4DE000C6F71 /* HMOA_iOS.xcdatamodeld in Sources */ = {isa = PBXBuildFile; fileRef = 2C39AA1E296DB4DE000C6F71 /* HMOA_iOS.xcdatamodeld */; };
		2C39AA22296DB4E0000C6F71 /* Assets.xcassets in Resources */ = {isa = PBXBuildFile; fileRef = 2C39AA21296DB4E0000C6F71 /* Assets.xcassets */; };
		2C39AA25296DB4E0000C6F71 /* LaunchScreen.storyboard in Resources */ = {isa = PBXBuildFile; fileRef = 2C39AA23296DB4E0000C6F71 /* LaunchScreen.storyboard */; };
		2C39AA30296DB4E0000C6F71 /* HMOA_iOSTests.swift in Sources */ = {isa = PBXBuildFile; fileRef = 2C39AA2F296DB4E0000C6F71 /* HMOA_iOSTests.swift */; };
		2C39AA3A296DB4E0000C6F71 /* HMOA_iOSUITests.swift in Sources */ = {isa = PBXBuildFile; fileRef = 2C39AA39296DB4E0000C6F71 /* HMOA_iOSUITests.swift */; };
		2C39AA3C296DB4E0000C6F71 /* HMOA_iOSUITestsLaunchTests.swift in Sources */ = {isa = PBXBuildFile; fileRef = 2C39AA3B296DB4E0000C6F71 /* HMOA_iOSUITestsLaunchTests.swift */; };
		2C39AA5E2970470E000C6F71 /* AppTabbarController.swift in Sources */ = {isa = PBXBuildFile; fileRef = 2C39AA5D2970470D000C6F71 /* AppTabbarController.swift */; };
		2C39AA60297047F9000C6F71 /* DrawerViewController.swift in Sources */ = {isa = PBXBuildFile; fileRef = 2C39AA5F297047F9000C6F71 /* DrawerViewController.swift */; };
		2C39AA6229704803000C6F71 /* MyPageViewController.swift in Sources */ = {isa = PBXBuildFile; fileRef = 2C39AA6129704803000C6F71 /* MyPageViewController.swift */; };
		2C39AA642970480E000C6F71 /* MenuViewController.swift in Sources */ = {isa = PBXBuildFile; fileRef = 2C39AA632970480E000C6F71 /* MenuViewController.swift */; };
		2C39AA682970481F000C6F71 /* HomeViewController.swift in Sources */ = {isa = PBXBuildFile; fileRef = 2C39AA672970481F000C6F71 /* HomeViewController.swift */; };
		2C39AA7B29705524000C6F71 /* UIColor++Extenstions.swift in Sources */ = {isa = PBXBuildFile; fileRef = 2C39AA7A29705524000C6F71 /* UIColor++Extenstions.swift */; };
		2C39AA7F29705B4C000C6F71 /* UITabBarItem++Extensions.swift in Sources */ = {isa = PBXBuildFile; fileRef = 2C39AA7E29705B4C000C6F71 /* UITabBarItem++Extensions.swift */; };
		2C4041CE29ACD94D009247E7 /* SearchBarContainerView.swift in Sources */ = {isa = PBXBuildFile; fileRef = 2C4041CD29ACD94D009247E7 /* SearchBarContainerView.swift */; };
		2C4041D229ACDC58009247E7 /* SearchListViewController.swift in Sources */ = {isa = PBXBuildFile; fileRef = 2C4041D129ACDC58009247E7 /* SearchListViewController.swift */; };
		2C4041D429ACDC67009247E7 /* SearchResultViewController.swift in Sources */ = {isa = PBXBuildFile; fileRef = 2C4041D329ACDC67009247E7 /* SearchResultViewController.swift */; };
		2C4041D629AD1211009247E7 /* SearchListTableViewCell.swift in Sources */ = {isa = PBXBuildFile; fileRef = 2C4041D529AD1211009247E7 /* SearchListTableViewCell.swift */; };
		2C4A266629C320B5009F288F /* BrandSearchViewController.swift in Sources */ = {isa = PBXBuildFile; fileRef = 2C4A266529C320B5009F288F /* BrandSearchViewController.swift */; };
		2C4A266829C32636009F288F /* BrandSearchReactor.swift in Sources */ = {isa = PBXBuildFile; fileRef = 2C4A266729C32636009F288F /* BrandSearchReactor.swift */; };
		2C4DD36C29754B3A0027CE40 /* HomeTopCell.swift in Sources */ = {isa = PBXBuildFile; fileRef = 2C4DD36B29754B3A0027CE40 /* HomeTopCell.swift */; };
		2C4DD36E29754B410027CE40 /* HomeCell.swift in Sources */ = {isa = PBXBuildFile; fileRef = 2C4DD36D29754B410027CE40 /* HomeCell.swift */; };
		2C4DD37029756D3A0027CE40 /* HomeCellHeaderView.swift in Sources */ = {isa = PBXBuildFile; fileRef = 2C4DD36F29756D3A0027CE40 /* HomeCellHeaderView.swift */; };
		2C4DD3742976E1A70027CE40 /* HomeView.swift in Sources */ = {isa = PBXBuildFile; fileRef = 2C4DD3732976E1A70027CE40 /* HomeView.swift */; };
		2C4DEECD299BBF7500DE9778 /* UINavigationItem++Extenstions.swift in Sources */ = {isa = PBXBuildFile; fileRef = 2C4DEECC299BBF7500DE9778 /* UINavigationItem++Extenstions.swift */; };
		2C60F22029BA0F4000595EF4 /* Int++Extenstions.swift in Sources */ = {isa = PBXBuildFile; fileRef = 2C60F21F29BA0F4000595EF4 /* Int++Extenstions.swift */; };
		2C60F22C29BA130300595EF4 /* HPediaViewController.swift in Sources */ = {isa = PBXBuildFile; fileRef = 2C60F22B29BA130300595EF4 /* HPediaViewController.swift */; };
		2C6DAD0B29A76F0D003F0E98 /* SearchReactor.swift in Sources */ = {isa = PBXBuildFile; fileRef = 2C6DAD0A29A76F0D003F0E98 /* SearchReactor.swift */; };
		2C700DE829C1A84F00DDEF77 /* HomeHeaderReactor.swift in Sources */ = {isa = PBXBuildFile; fileRef = 2C700DE729C1A84F00DDEF77 /* HomeHeaderReactor.swift */; };
		2C710EED29798172006BE23B /* HomeFirstCell.swift in Sources */ = {isa = PBXBuildFile; fileRef = 2C710EEC29798172006BE23B /* HomeFirstCell.swift */; };
		2C710EEF29798330006BE23B /* HomeFirstCellHeaderView.swift in Sources */ = {isa = PBXBuildFile; fileRef = 2C710EEE29798330006BE23B /* HomeFirstCellHeaderView.swift */; };
		2C710EF1297BCC33006BE23B /* UIViewController++Extenstions.swift in Sources */ = {isa = PBXBuildFile; fileRef = 2C710EF0297BCC33006BE23B /* UIViewController++Extenstions.swift */; };
		2C710EF5297C0C8C006BE23B /* MyPageTopView.swift in Sources */ = {isa = PBXBuildFile; fileRef = 2C710EF4297C0C8C006BE23B /* MyPageTopView.swift */; };
		2C710EF8297C0F5E006BE23B /* MyPageView.swift in Sources */ = {isa = PBXBuildFile; fileRef = 2C710EF7297C0F5E006BE23B /* MyPageView.swift */; };
		2C710EFC297C15DF006BE23B /* MyPageCell.swift in Sources */ = {isa = PBXBuildFile; fileRef = 2C710EFB297C15DF006BE23B /* MyPageCell.swift */; };
		2C710EFF297C1840006BE23B /* MyPageViewModel.swift in Sources */ = {isa = PBXBuildFile; fileRef = 2C710EFE297C183F006BE23B /* MyPageViewModel.swift */; };
		2C724E2F29AB1A120057D9B4 /* CommentListTopView.swift in Sources */ = {isa = PBXBuildFile; fileRef = 2C724E2E29AB1A120057D9B4 /* CommentListTopView.swift */; };
		2C730DD929C4A46C001E2B87 /* BrandListCollectionViewCell.swift in Sources */ = {isa = PBXBuildFile; fileRef = 2C730DD829C4A46C001E2B87 /* BrandListCollectionViewCell.swift */; };
		2C730DDB29C4AC06001E2B87 /* Brand.swift in Sources */ = {isa = PBXBuildFile; fileRef = 2C730DDA29C4AC06001E2B87 /* Brand.swift */; };
		2C730DDD29C4AD1C001E2B87 /* BrandListHeaderView.swift in Sources */ = {isa = PBXBuildFile; fileRef = 2C730DDC29C4AD1C001E2B87 /* BrandListHeaderView.swift */; };
		2C730DDF29C4B2FD001E2B87 /* BrandSearchSection.swift in Sources */ = {isa = PBXBuildFile; fileRef = 2C730DDE29C4B2FD001E2B87 /* BrandSearchSection.swift */; };
		2C730DE529C5B077001E2B87 /* BrandDetailViewController.swift in Sources */ = {isa = PBXBuildFile; fileRef = 2C730DE429C5B077001E2B87 /* BrandDetailViewController.swift */; };
		2C730DE729C5B4F1001E2B87 /* BrandDetailReactor.swift in Sources */ = {isa = PBXBuildFile; fileRef = 2C730DE629C5B4F1001E2B87 /* BrandDetailReactor.swift */; };
		2CAB7A9829B07A2300E74809 /* SearchResultTopView.swift in Sources */ = {isa = PBXBuildFile; fileRef = 2CAB7A9729B07A2300E74809 /* SearchResultTopView.swift */; };
		2CAB7A9A29B08BBA00E74809 /* SearchResultCollectionViewCell.swift in Sources */ = {isa = PBXBuildFile; fileRef = 2CAB7A9929B08BBA00E74809 /* SearchResultCollectionViewCell.swift */; };
		2CAB7A9D29B08E4100E74809 /* Product.swift in Sources */ = {isa = PBXBuildFile; fileRef = 2CAB7A9C29B08E4100E74809 /* Product.swift */; };
		2CAD9635298E469200974500 /* DetailViewController.swift in Sources */ = {isa = PBXBuildFile; fileRef = 2CAD9634298E469200974500 /* DetailViewController.swift */; };
		2CAD9637298E483800974500 /* DetailView.swift in Sources */ = {isa = PBXBuildFile; fileRef = 2CAD9636298E483800974500 /* DetailView.swift */; };
		2CAD9639298E4C1D00974500 /* PerfumeInfoView.swift in Sources */ = {isa = PBXBuildFile; fileRef = 2CAD9638298E4C1D00974500 /* PerfumeInfoView.swift */; };
		2CAD9641298E6F6200974500 /* TagListView++Extenstions.swift in Sources */ = {isa = PBXBuildFile; fileRef = 2CAD9640298E6F6200974500 /* TagListView++Extenstions.swift */; };
		CA051CB0297FDA0F001865F5 /* StartViewController.swift in Sources */ = {isa = PBXBuildFile; fileRef = CA051CAF297FDA0F001865F5 /* StartViewController.swift */; };
		CA16AC8629BCD83E00FD57C1 /* ChoiceYearReactor.swift in Sources */ = {isa = PBXBuildFile; fileRef = CA16AC8529BCD83E00FD57C1 /* ChoiceYearReactor.swift */; };
		CA174F6329BB33AF006E7680 /* StartReactor.swift in Sources */ = {isa = PBXBuildFile; fileRef = CA174F6229BB33AF006E7680 /* StartReactor.swift */; };
		CA5D249F2983EEE50014ADF8 /* UILabel++Extenstions.swift in Sources */ = {isa = PBXBuildFile; fileRef = CA5D249E2983EEE50014ADF8 /* UILabel++Extenstions.swift */; };
		CA5D24A12983EFAB0014ADF8 /* UIStackView++Extenstions.swift in Sources */ = {isa = PBXBuildFile; fileRef = CA5D24A02983EFAB0014ADF8 /* UIStackView++Extenstions.swift */; };
		CA91448D297E75C700762BC0 /* LoginViewController.swift in Sources */ = {isa = PBXBuildFile; fileRef = CA91448C297E75C700762BC0 /* LoginViewController.swift */; };
		CA91448F297E760800762BC0 /* UITextField++Extenstions.swift in Sources */ = {isa = PBXBuildFile; fileRef = CA91448E297E760800762BC0 /* UITextField++Extenstions.swift */; };
		CA914496297E859100762BC0 /* Slabo27px-Regular.ttf in Resources */ = {isa = PBXBuildFile; fileRef = CA914495297E859100762BC0 /* Slabo27px-Regular.ttf */; };
		CA914498297E873300762BC0 /* UIFont++Extenstions.swift in Sources */ = {isa = PBXBuildFile; fileRef = CA914497297E873300762BC0 /* UIFont++Extenstions.swift */; };
		CA91449A297E8A5500762BC0 /* Pretendard-Regular.ttf in Resources */ = {isa = PBXBuildFile; fileRef = CA914499297E8A5500762BC0 /* Pretendard-Regular.ttf */; };
		CAFA450829AB7DC300ACF2C1 /* YearModel.swift in Sources */ = {isa = PBXBuildFile; fileRef = CAFA450729AB7DC300ACF2C1 /* YearModel.swift */; };
		CAFA450A29AB7DEA00ACF2C1 /* ChoiceYearViewController.swift in Sources */ = {isa = PBXBuildFile; fileRef = CAFA450929AB7DEA00ACF2C1 /* ChoiceYearViewController.swift */; };
		CAFA450C29AB7E0600ACF2C1 /* ChoiceYearViewModel.swift in Sources */ = {isa = PBXBuildFile; fileRef = CAFA450B29AB7E0600ACF2C1 /* ChoiceYearViewModel.swift */; };
		CAFA450E29AB7E1300ACF2C1 /* StartViewModel.swift in Sources */ = {isa = PBXBuildFile; fileRef = CAFA450D29AB7E1300ACF2C1 /* StartViewModel.swift */; };
		CAFA451129AB7E4000ACF2C1 /* PaddingLabel.swift in Sources */ = {isa = PBXBuildFile; fileRef = CAFA451029AB7E4000ACF2C1 /* PaddingLabel.swift */; };
		CAFB9F4029B5C67B0009654C /* LoginReactor.swift in Sources */ = {isa = PBXBuildFile; fileRef = CAFB9F3F29B5C67B0009654C /* LoginReactor.swift */; };
		E5DAC5FE1598DDCD2E1F1131 /* Pods_HMOA_iOS_HMOA_iOSUITests.framework in Frameworks */ = {isa = PBXBuildFile; fileRef = 1010CAD33467EC8F888DFEC6 /* Pods_HMOA_iOS_HMOA_iOSUITests.framework */; };
/* End PBXBuildFile section */

/* Begin PBXContainerItemProxy section */
		2C39AA2C296DB4E0000C6F71 /* PBXContainerItemProxy */ = {
			isa = PBXContainerItemProxy;
			containerPortal = 2C39AA0A296DB4DE000C6F71 /* Project object */;
			proxyType = 1;
			remoteGlobalIDString = 2C39AA11296DB4DE000C6F71;
			remoteInfo = HMOA_iOS;
		};
		2C39AA36296DB4E0000C6F71 /* PBXContainerItemProxy */ = {
			isa = PBXContainerItemProxy;
			containerPortal = 2C39AA0A296DB4DE000C6F71 /* Project object */;
			proxyType = 1;
			remoteGlobalIDString = 2C39AA11296DB4DE000C6F71;
			remoteInfo = HMOA_iOS;
		};
/* End PBXContainerItemProxy section */

/* Begin PBXFileReference section */
		0FCFEF4C58883983391F1277 /* Pods-HMOA_iOS.debug.xcconfig */ = {isa = PBXFileReference; includeInIndex = 1; lastKnownFileType = text.xcconfig; name = "Pods-HMOA_iOS.debug.xcconfig"; path = "Target Support Files/Pods-HMOA_iOS/Pods-HMOA_iOS.debug.xcconfig"; sourceTree = "<group>"; };
		1010CAD33467EC8F888DFEC6 /* Pods_HMOA_iOS_HMOA_iOSUITests.framework */ = {isa = PBXFileReference; explicitFileType = wrapper.framework; includeInIndex = 0; path = Pods_HMOA_iOS_HMOA_iOSUITests.framework; sourceTree = BUILT_PRODUCTS_DIR; };
		2C04246029A37F7B009CF0FE /* HomeViewReactor.swift */ = {isa = PBXFileReference; lastKnownFileType = sourcecode.swift; path = HomeViewReactor.swift; sourceTree = "<group>"; };
		2C04246329A39C26009CF0FE /* Perfume.swift */ = {isa = PBXFileReference; lastKnownFileType = sourcecode.swift; path = Perfume.swift; sourceTree = "<group>"; };
		2C04246529A39C30009CF0FE /* HomeSection.swift */ = {isa = PBXFileReference; lastKnownFileType = sourcecode.swift; path = HomeSection.swift; sourceTree = "<group>"; };
		2C04246829A3A992009CF0FE /* SearchViewController.swift */ = {isa = PBXFileReference; lastKnownFileType = sourcecode.swift; path = SearchViewController.swift; sourceTree = "<group>"; };
		2C04246A29A3B3E3009CF0FE /* HomeCellReactor.swift */ = {isa = PBXFileReference; lastKnownFileType = sourcecode.swift; path = HomeCellReactor.swift; sourceTree = "<group>"; };
		2C04246D29A3E112009CF0FE /* DetailViewReactor.swift */ = {isa = PBXFileReference; lastKnownFileType = sourcecode.swift; path = DetailViewReactor.swift; sourceTree = "<group>"; };
		2C04247029A3E3D4009CF0FE /* PerfumeDetail.swift */ = {isa = PBXFileReference; lastKnownFileType = sourcecode.swift; path = PerfumeDetail.swift; sourceTree = "<group>"; };
		2C04247229A3F7A6009CF0FE /* DetailSection.swift */ = {isa = PBXFileReference; lastKnownFileType = sourcecode.swift; path = DetailSection.swift; sourceTree = "<group>"; };
		2C04247429A3F899009CF0FE /* Comment.swift */ = {isa = PBXFileReference; lastKnownFileType = sourcecode.swift; path = Comment.swift; sourceTree = "<group>"; };
		2C04247629A3FCED009CF0FE /* PerfumeInfoViewReactor.swift */ = {isa = PBXFileReference; lastKnownFileType = sourcecode.swift; path = PerfumeInfoViewReactor.swift; sourceTree = "<group>"; };
		2C04247829A3FD03009CF0FE /* CommentCellReactor.swift */ = {isa = PBXFileReference; lastKnownFileType = sourcecode.swift; path = CommentCellReactor.swift; sourceTree = "<group>"; };
		2C04247E29A4C329009CF0FE /* CommentListViewController.swift */ = {isa = PBXFileReference; lastKnownFileType = sourcecode.swift; path = CommentListViewController.swift; sourceTree = "<group>"; };
		2C04248429A4D859009CF0FE /* CommentListReactor.swift */ = {isa = PBXFileReference; lastKnownFileType = sourcecode.swift; path = CommentListReactor.swift; sourceTree = "<group>"; };
		2C04248A29A4FABA009CF0FE /* CommentSection.swift */ = {isa = PBXFileReference; lastKnownFileType = sourcecode.swift; path = CommentSection.swift; sourceTree = "<group>"; };
		2C04249129A504D3009CF0FE /* CommentDetailViewController.swift */ = {isa = PBXFileReference; lastKnownFileType = sourcecode.swift; path = CommentDetailViewController.swift; sourceTree = "<group>"; };
		2C04249329A50DB4009CF0FE /* CommentDetailReactor.swift */ = {isa = PBXFileReference; lastKnownFileType = sourcecode.swift; path = CommentDetailReactor.swift; sourceTree = "<group>"; };
		2C04249529A533DF009CF0FE /* CommentBottomView.swift */ = {isa = PBXFileReference; lastKnownFileType = sourcecode.swift; path = CommentBottomView.swift; sourceTree = "<group>"; };
		2C04249A29A656BB009CF0FE /* CommentWriteViewController.swift */ = {isa = PBXFileReference; lastKnownFileType = sourcecode.swift; path = CommentWriteViewController.swift; sourceTree = "<group>"; };
		2C04249C29A65C32009CF0FE /* CommentWriteReactor.swift */ = {isa = PBXFileReference; lastKnownFileType = sourcecode.swift; path = CommentWriteReactor.swift; sourceTree = "<group>"; };
		2C04249E29A67F07009CF0FE /* UIButton++Extenstions.swift */ = {isa = PBXFileReference; lastKnownFileType = sourcecode.swift; path = "UIButton++Extenstions.swift"; sourceTree = "<group>"; };
		2C1BD6A8298FAA370059A43D /* CommentCell.swift */ = {isa = PBXFileReference; lastKnownFileType = sourcecode.swift; path = CommentCell.swift; sourceTree = "<group>"; };
		2C1BD6AE298FDB3A0059A43D /* PerfumeInfoCell.swift */ = {isa = PBXFileReference; lastKnownFileType = sourcecode.swift; path = PerfumeInfoCell.swift; sourceTree = "<group>"; };
		2C1BD6B0298FE5A40059A43D /* SimilarCell.swift */ = {isa = PBXFileReference; lastKnownFileType = sourcecode.swift; path = SimilarCell.swift; sourceTree = "<group>"; };
		2C1BD6B2298FF14F0059A43D /* SimilarHeaderView.swift */ = {isa = PBXFileReference; lastKnownFileType = sourcecode.swift; path = SimilarHeaderView.swift; sourceTree = "<group>"; };
		2C1BD6BB299785360059A43D /* EmptyPerfumeView.swift */ = {isa = PBXFileReference; lastKnownFileType = sourcecode.swift; path = EmptyPerfumeView.swift; sourceTree = "<group>"; };
		2C1BD6BD29978EDD0059A43D /* BrandView.swift */ = {isa = PBXFileReference; lastKnownFileType = sourcecode.swift; path = BrandView.swift; sourceTree = "<group>"; };
		2C1BD6BF299798660059A43D /* TastingNoteView.swift */ = {isa = PBXFileReference; lastKnownFileType = sourcecode.swift; path = TastingNoteView.swift; sourceTree = "<group>"; };
		2C1BD6C12997A35C0059A43D /* CommentHeaderView.swift */ = {isa = PBXFileReference; lastKnownFileType = sourcecode.swift; path = CommentHeaderView.swift; sourceTree = "<group>"; };
		2C1BD6C32997A6F80059A43D /* CommentFooterView.swift */ = {isa = PBXFileReference; lastKnownFileType = sourcecode.swift; path = CommentFooterView.swift; sourceTree = "<group>"; };
		2C1BD6C52998D34F0059A43D /* DetailBottomView.swift */ = {isa = PBXFileReference; lastKnownFileType = sourcecode.swift; path = DetailBottomView.swift; sourceTree = "<group>"; };
		2C39AA12296DB4DE000C6F71 /* HMOA_iOS.app */ = {isa = PBXFileReference; explicitFileType = wrapper.application; includeInIndex = 0; path = HMOA_iOS.app; sourceTree = BUILT_PRODUCTS_DIR; };
		2C39AA15296DB4DE000C6F71 /* AppDelegate.swift */ = {isa = PBXFileReference; lastKnownFileType = sourcecode.swift; path = AppDelegate.swift; sourceTree = "<group>"; };
		2C39AA17296DB4DE000C6F71 /* SceneDelegate.swift */ = {isa = PBXFileReference; lastKnownFileType = sourcecode.swift; path = SceneDelegate.swift; sourceTree = "<group>"; };
		2C39AA1F296DB4DE000C6F71 /* HMOA_iOS.xcdatamodel */ = {isa = PBXFileReference; lastKnownFileType = wrapper.xcdatamodel; path = HMOA_iOS.xcdatamodel; sourceTree = "<group>"; };
		2C39AA21296DB4E0000C6F71 /* Assets.xcassets */ = {isa = PBXFileReference; lastKnownFileType = folder.assetcatalog; path = Assets.xcassets; sourceTree = "<group>"; };
		2C39AA24296DB4E0000C6F71 /* Base */ = {isa = PBXFileReference; lastKnownFileType = file.storyboard; name = Base; path = Base.lproj/LaunchScreen.storyboard; sourceTree = "<group>"; };
		2C39AA2B296DB4E0000C6F71 /* HMOA_iOSTests.xctest */ = {isa = PBXFileReference; explicitFileType = wrapper.cfbundle; includeInIndex = 0; path = HMOA_iOSTests.xctest; sourceTree = BUILT_PRODUCTS_DIR; };
		2C39AA2F296DB4E0000C6F71 /* HMOA_iOSTests.swift */ = {isa = PBXFileReference; lastKnownFileType = sourcecode.swift; path = HMOA_iOSTests.swift; sourceTree = "<group>"; };
		2C39AA35296DB4E0000C6F71 /* HMOA_iOSUITests.xctest */ = {isa = PBXFileReference; explicitFileType = wrapper.cfbundle; includeInIndex = 0; path = HMOA_iOSUITests.xctest; sourceTree = BUILT_PRODUCTS_DIR; };
		2C39AA39296DB4E0000C6F71 /* HMOA_iOSUITests.swift */ = {isa = PBXFileReference; lastKnownFileType = sourcecode.swift; path = HMOA_iOSUITests.swift; sourceTree = "<group>"; };
		2C39AA3B296DB4E0000C6F71 /* HMOA_iOSUITestsLaunchTests.swift */ = {isa = PBXFileReference; lastKnownFileType = sourcecode.swift; path = HMOA_iOSUITestsLaunchTests.swift; sourceTree = "<group>"; };
		2C39AA5D2970470D000C6F71 /* AppTabbarController.swift */ = {isa = PBXFileReference; lastKnownFileType = sourcecode.swift; path = AppTabbarController.swift; sourceTree = "<group>"; };
		2C39AA5F297047F9000C6F71 /* DrawerViewController.swift */ = {isa = PBXFileReference; lastKnownFileType = sourcecode.swift; path = DrawerViewController.swift; sourceTree = "<group>"; };
		2C39AA6129704803000C6F71 /* MyPageViewController.swift */ = {isa = PBXFileReference; lastKnownFileType = sourcecode.swift; path = MyPageViewController.swift; sourceTree = "<group>"; };
		2C39AA632970480E000C6F71 /* MenuViewController.swift */ = {isa = PBXFileReference; lastKnownFileType = sourcecode.swift; path = MenuViewController.swift; sourceTree = "<group>"; };
		2C39AA672970481F000C6F71 /* HomeViewController.swift */ = {isa = PBXFileReference; lastKnownFileType = sourcecode.swift; path = HomeViewController.swift; sourceTree = "<group>"; };
		2C39AA7629704C2F000C6F71 /* Info.plist */ = {isa = PBXFileReference; fileEncoding = 4; lastKnownFileType = text.plist.xml; path = Info.plist; sourceTree = "<group>"; };
		2C39AA7A29705524000C6F71 /* UIColor++Extenstions.swift */ = {isa = PBXFileReference; lastKnownFileType = sourcecode.swift; path = "UIColor++Extenstions.swift"; sourceTree = "<group>"; };
		2C39AA7E29705B4C000C6F71 /* UITabBarItem++Extensions.swift */ = {isa = PBXFileReference; lastKnownFileType = sourcecode.swift; path = "UITabBarItem++Extensions.swift"; sourceTree = "<group>"; };
		2C4041CD29ACD94D009247E7 /* SearchBarContainerView.swift */ = {isa = PBXFileReference; lastKnownFileType = sourcecode.swift; path = SearchBarContainerView.swift; sourceTree = "<group>"; };
		2C4041D129ACDC58009247E7 /* SearchListViewController.swift */ = {isa = PBXFileReference; lastKnownFileType = sourcecode.swift; path = SearchListViewController.swift; sourceTree = "<group>"; };
		2C4041D329ACDC67009247E7 /* SearchResultViewController.swift */ = {isa = PBXFileReference; lastKnownFileType = sourcecode.swift; path = SearchResultViewController.swift; sourceTree = "<group>"; };
		2C4041D529AD1211009247E7 /* SearchListTableViewCell.swift */ = {isa = PBXFileReference; lastKnownFileType = sourcecode.swift; path = SearchListTableViewCell.swift; sourceTree = "<group>"; };
		2C4A266529C320B5009F288F /* BrandSearchViewController.swift */ = {isa = PBXFileReference; lastKnownFileType = sourcecode.swift; path = BrandSearchViewController.swift; sourceTree = "<group>"; };
		2C4A266729C32636009F288F /* BrandSearchReactor.swift */ = {isa = PBXFileReference; lastKnownFileType = sourcecode.swift; path = BrandSearchReactor.swift; sourceTree = "<group>"; };
		2C4DD36B29754B3A0027CE40 /* HomeTopCell.swift */ = {isa = PBXFileReference; lastKnownFileType = sourcecode.swift; path = HomeTopCell.swift; sourceTree = "<group>"; };
		2C4DD36D29754B410027CE40 /* HomeCell.swift */ = {isa = PBXFileReference; lastKnownFileType = sourcecode.swift; path = HomeCell.swift; sourceTree = "<group>"; };
		2C4DD36F29756D3A0027CE40 /* HomeCellHeaderView.swift */ = {isa = PBXFileReference; lastKnownFileType = sourcecode.swift; path = HomeCellHeaderView.swift; sourceTree = "<group>"; };
		2C4DD3732976E1A70027CE40 /* HomeView.swift */ = {isa = PBXFileReference; lastKnownFileType = sourcecode.swift; path = HomeView.swift; sourceTree = "<group>"; };
		2C4DEECC299BBF7500DE9778 /* UINavigationItem++Extenstions.swift */ = {isa = PBXFileReference; lastKnownFileType = sourcecode.swift; path = "UINavigationItem++Extenstions.swift"; sourceTree = "<group>"; };
		2C60F21F29BA0F4000595EF4 /* Int++Extenstions.swift */ = {isa = PBXFileReference; lastKnownFileType = sourcecode.swift; path = "Int++Extenstions.swift"; sourceTree = "<group>"; };
		2C60F22B29BA130300595EF4 /* HPediaViewController.swift */ = {isa = PBXFileReference; lastKnownFileType = sourcecode.swift; path = HPediaViewController.swift; sourceTree = "<group>"; };
		2C6DAD0A29A76F0D003F0E98 /* SearchReactor.swift */ = {isa = PBXFileReference; lastKnownFileType = sourcecode.swift; path = SearchReactor.swift; sourceTree = "<group>"; };
		2C700DE729C1A84F00DDEF77 /* HomeHeaderReactor.swift */ = {isa = PBXFileReference; lastKnownFileType = sourcecode.swift; path = HomeHeaderReactor.swift; sourceTree = "<group>"; };
		2C710EEC29798172006BE23B /* HomeFirstCell.swift */ = {isa = PBXFileReference; lastKnownFileType = sourcecode.swift; path = HomeFirstCell.swift; sourceTree = "<group>"; };
		2C710EEE29798330006BE23B /* HomeFirstCellHeaderView.swift */ = {isa = PBXFileReference; lastKnownFileType = sourcecode.swift; path = HomeFirstCellHeaderView.swift; sourceTree = "<group>"; };
		2C710EF0297BCC33006BE23B /* UIViewController++Extenstions.swift */ = {isa = PBXFileReference; lastKnownFileType = sourcecode.swift; path = "UIViewController++Extenstions.swift"; sourceTree = "<group>"; };
		2C710EF4297C0C8C006BE23B /* MyPageTopView.swift */ = {isa = PBXFileReference; lastKnownFileType = sourcecode.swift; path = MyPageTopView.swift; sourceTree = "<group>"; };
		2C710EF7297C0F5E006BE23B /* MyPageView.swift */ = {isa = PBXFileReference; lastKnownFileType = sourcecode.swift; path = MyPageView.swift; sourceTree = "<group>"; };
		2C710EFB297C15DF006BE23B /* MyPageCell.swift */ = {isa = PBXFileReference; lastKnownFileType = sourcecode.swift; path = MyPageCell.swift; sourceTree = "<group>"; };
		2C710EFE297C183F006BE23B /* MyPageViewModel.swift */ = {isa = PBXFileReference; lastKnownFileType = sourcecode.swift; path = MyPageViewModel.swift; sourceTree = "<group>"; };
		2C724E2E29AB1A120057D9B4 /* CommentListTopView.swift */ = {isa = PBXFileReference; lastKnownFileType = sourcecode.swift; path = CommentListTopView.swift; sourceTree = "<group>"; };
		2C730DD829C4A46C001E2B87 /* BrandListCollectionViewCell.swift */ = {isa = PBXFileReference; lastKnownFileType = sourcecode.swift; path = BrandListCollectionViewCell.swift; sourceTree = "<group>"; };
		2C730DDA29C4AC06001E2B87 /* Brand.swift */ = {isa = PBXFileReference; lastKnownFileType = sourcecode.swift; path = Brand.swift; sourceTree = "<group>"; };
		2C730DDC29C4AD1C001E2B87 /* BrandListHeaderView.swift */ = {isa = PBXFileReference; lastKnownFileType = sourcecode.swift; path = BrandListHeaderView.swift; sourceTree = "<group>"; };
		2C730DDE29C4B2FD001E2B87 /* BrandSearchSection.swift */ = {isa = PBXFileReference; lastKnownFileType = sourcecode.swift; path = BrandSearchSection.swift; sourceTree = "<group>"; };
		2C730DE429C5B077001E2B87 /* BrandDetailViewController.swift */ = {isa = PBXFileReference; lastKnownFileType = sourcecode.swift; path = BrandDetailViewController.swift; sourceTree = "<group>"; };
		2C730DE629C5B4F1001E2B87 /* BrandDetailReactor.swift */ = {isa = PBXFileReference; lastKnownFileType = sourcecode.swift; path = BrandDetailReactor.swift; sourceTree = "<group>"; };
		2CAB7A9729B07A2300E74809 /* SearchResultTopView.swift */ = {isa = PBXFileReference; lastKnownFileType = sourcecode.swift; path = SearchResultTopView.swift; sourceTree = "<group>"; };
		2CAB7A9929B08BBA00E74809 /* SearchResultCollectionViewCell.swift */ = {isa = PBXFileReference; lastKnownFileType = sourcecode.swift; path = SearchResultCollectionViewCell.swift; sourceTree = "<group>"; };
		2CAB7A9C29B08E4100E74809 /* Product.swift */ = {isa = PBXFileReference; lastKnownFileType = sourcecode.swift; path = Product.swift; sourceTree = "<group>"; };
		2CAD9634298E469200974500 /* DetailViewController.swift */ = {isa = PBXFileReference; lastKnownFileType = sourcecode.swift; path = DetailViewController.swift; sourceTree = "<group>"; };
		2CAD9636298E483800974500 /* DetailView.swift */ = {isa = PBXFileReference; lastKnownFileType = sourcecode.swift; path = DetailView.swift; sourceTree = "<group>"; };
		2CAD9638298E4C1D00974500 /* PerfumeInfoView.swift */ = {isa = PBXFileReference; lastKnownFileType = sourcecode.swift; path = PerfumeInfoView.swift; sourceTree = "<group>"; };
		2CAD9640298E6F6200974500 /* TagListView++Extenstions.swift */ = {isa = PBXFileReference; lastKnownFileType = sourcecode.swift; path = "TagListView++Extenstions.swift"; sourceTree = "<group>"; };
		4E20A0B5EE1007CE84ADB6F6 /* Pods-HMOA_iOS.release.xcconfig */ = {isa = PBXFileReference; includeInIndex = 1; lastKnownFileType = text.xcconfig; name = "Pods-HMOA_iOS.release.xcconfig"; path = "Target Support Files/Pods-HMOA_iOS/Pods-HMOA_iOS.release.xcconfig"; sourceTree = "<group>"; };
		59F6053BF5AC3DBACFB3FCD8 /* Pods-HMOA_iOS-HMOA_iOSUITests.release.xcconfig */ = {isa = PBXFileReference; includeInIndex = 1; lastKnownFileType = text.xcconfig; name = "Pods-HMOA_iOS-HMOA_iOSUITests.release.xcconfig"; path = "Target Support Files/Pods-HMOA_iOS-HMOA_iOSUITests/Pods-HMOA_iOS-HMOA_iOSUITests.release.xcconfig"; sourceTree = "<group>"; };
		A266DA0D7E24CB1ED544B374 /* Pods_HMOA_iOS.framework */ = {isa = PBXFileReference; explicitFileType = wrapper.framework; includeInIndex = 0; path = Pods_HMOA_iOS.framework; sourceTree = BUILT_PRODUCTS_DIR; };
		A7A0E2C9C257B262DBFD4DCA /* Pods-HMOA_iOS-HMOA_iOSUITests.debug.xcconfig */ = {isa = PBXFileReference; includeInIndex = 1; lastKnownFileType = text.xcconfig; name = "Pods-HMOA_iOS-HMOA_iOSUITests.debug.xcconfig"; path = "Target Support Files/Pods-HMOA_iOS-HMOA_iOSUITests/Pods-HMOA_iOS-HMOA_iOSUITests.debug.xcconfig"; sourceTree = "<group>"; };
		B8B8B44657C226494B4D2190 /* Pods_HMOA_iOSTests.framework */ = {isa = PBXFileReference; explicitFileType = wrapper.framework; includeInIndex = 0; path = Pods_HMOA_iOSTests.framework; sourceTree = BUILT_PRODUCTS_DIR; };
		CA051CAF297FDA0F001865F5 /* StartViewController.swift */ = {isa = PBXFileReference; lastKnownFileType = sourcecode.swift; path = StartViewController.swift; sourceTree = "<group>"; };
		CA16AC8529BCD83E00FD57C1 /* ChoiceYearReactor.swift */ = {isa = PBXFileReference; lastKnownFileType = sourcecode.swift; path = ChoiceYearReactor.swift; sourceTree = "<group>"; };
		CA174F6229BB33AF006E7680 /* StartReactor.swift */ = {isa = PBXFileReference; lastKnownFileType = sourcecode.swift; path = StartReactor.swift; sourceTree = "<group>"; };
		CA5D249E2983EEE50014ADF8 /* UILabel++Extenstions.swift */ = {isa = PBXFileReference; lastKnownFileType = sourcecode.swift; path = "UILabel++Extenstions.swift"; sourceTree = "<group>"; };
		CA5D24A02983EFAB0014ADF8 /* UIStackView++Extenstions.swift */ = {isa = PBXFileReference; lastKnownFileType = sourcecode.swift; path = "UIStackView++Extenstions.swift"; sourceTree = "<group>"; };
		CA91448C297E75C700762BC0 /* LoginViewController.swift */ = {isa = PBXFileReference; lastKnownFileType = sourcecode.swift; path = LoginViewController.swift; sourceTree = "<group>"; };
		CA91448E297E760800762BC0 /* UITextField++Extenstions.swift */ = {isa = PBXFileReference; lastKnownFileType = sourcecode.swift; path = "UITextField++Extenstions.swift"; sourceTree = "<group>"; };
		CA914495297E859100762BC0 /* Slabo27px-Regular.ttf */ = {isa = PBXFileReference; lastKnownFileType = file; path = "Slabo27px-Regular.ttf"; sourceTree = "<group>"; };
		CA914497297E873300762BC0 /* UIFont++Extenstions.swift */ = {isa = PBXFileReference; lastKnownFileType = sourcecode.swift; path = "UIFont++Extenstions.swift"; sourceTree = "<group>"; };
		CA914499297E8A5500762BC0 /* Pretendard-Regular.ttf */ = {isa = PBXFileReference; lastKnownFileType = file; path = "Pretendard-Regular.ttf"; sourceTree = "<group>"; };
		CAFA450729AB7DC300ACF2C1 /* YearModel.swift */ = {isa = PBXFileReference; lastKnownFileType = sourcecode.swift; path = YearModel.swift; sourceTree = "<group>"; };
		CAFA450929AB7DEA00ACF2C1 /* ChoiceYearViewController.swift */ = {isa = PBXFileReference; lastKnownFileType = sourcecode.swift; path = ChoiceYearViewController.swift; sourceTree = "<group>"; };
		CAFA450B29AB7E0600ACF2C1 /* ChoiceYearViewModel.swift */ = {isa = PBXFileReference; lastKnownFileType = sourcecode.swift; path = ChoiceYearViewModel.swift; sourceTree = "<group>"; };
		CAFA450D29AB7E1300ACF2C1 /* StartViewModel.swift */ = {isa = PBXFileReference; lastKnownFileType = sourcecode.swift; path = StartViewModel.swift; sourceTree = "<group>"; };
		CAFA451029AB7E4000ACF2C1 /* PaddingLabel.swift */ = {isa = PBXFileReference; lastKnownFileType = sourcecode.swift; path = PaddingLabel.swift; sourceTree = "<group>"; };
		CAFB9F3F29B5C67B0009654C /* LoginReactor.swift */ = {isa = PBXFileReference; lastKnownFileType = sourcecode.swift; path = LoginReactor.swift; sourceTree = "<group>"; };
		D7A11DAE423D71B1F9301948 /* Pods-HMOA_iOSTests.release.xcconfig */ = {isa = PBXFileReference; includeInIndex = 1; lastKnownFileType = text.xcconfig; name = "Pods-HMOA_iOSTests.release.xcconfig"; path = "Target Support Files/Pods-HMOA_iOSTests/Pods-HMOA_iOSTests.release.xcconfig"; sourceTree = "<group>"; };
		FD433F530CC172AADE2B97A9 /* Pods-HMOA_iOSTests.debug.xcconfig */ = {isa = PBXFileReference; includeInIndex = 1; lastKnownFileType = text.xcconfig; name = "Pods-HMOA_iOSTests.debug.xcconfig"; path = "Target Support Files/Pods-HMOA_iOSTests/Pods-HMOA_iOSTests.debug.xcconfig"; sourceTree = "<group>"; };
/* End PBXFileReference section */

/* Begin PBXFrameworksBuildPhase section */
		2C39AA0F296DB4DE000C6F71 /* Frameworks */ = {
			isa = PBXFrameworksBuildPhase;
			buildActionMask = 2147483647;
			files = (
				2AA456DA519D9C9FE9B6355B /* Pods_HMOA_iOS.framework in Frameworks */,
				2C1BD6B629968CE00059A43D /* Pretendard in Frameworks */,
			);
			runOnlyForDeploymentPostprocessing = 0;
		};
		2C39AA28296DB4E0000C6F71 /* Frameworks */ = {
			isa = PBXFrameworksBuildPhase;
			buildActionMask = 2147483647;
			files = (
				0A0A6DE3C1361CCF9D8E7016 /* Pods_HMOA_iOSTests.framework in Frameworks */,
			);
			runOnlyForDeploymentPostprocessing = 0;
		};
		2C39AA32296DB4E0000C6F71 /* Frameworks */ = {
			isa = PBXFrameworksBuildPhase;
			buildActionMask = 2147483647;
			files = (
				E5DAC5FE1598DDCD2E1F1131 /* Pods_HMOA_iOS_HMOA_iOSUITests.framework in Frameworks */,
			);
			runOnlyForDeploymentPostprocessing = 0;
		};
/* End PBXFrameworksBuildPhase section */

/* Begin PBXGroup section */
		1A58281E02322D714CA8DDA3 /* Pods */ = {
			isa = PBXGroup;
			children = (
				0FCFEF4C58883983391F1277 /* Pods-HMOA_iOS.debug.xcconfig */,
				4E20A0B5EE1007CE84ADB6F6 /* Pods-HMOA_iOS.release.xcconfig */,
				A7A0E2C9C257B262DBFD4DCA /* Pods-HMOA_iOS-HMOA_iOSUITests.debug.xcconfig */,
				59F6053BF5AC3DBACFB3FCD8 /* Pods-HMOA_iOS-HMOA_iOSUITests.release.xcconfig */,
				FD433F530CC172AADE2B97A9 /* Pods-HMOA_iOSTests.debug.xcconfig */,
				D7A11DAE423D71B1F9301948 /* Pods-HMOA_iOSTests.release.xcconfig */,
			);
			path = Pods;
			sourceTree = "<group>";
		};
		2C04245F29A37F5C009CF0FE /* Reactor */ = {
			isa = PBXGroup;
			children = (
				2C04246029A37F7B009CF0FE /* HomeViewReactor.swift */,
				2C04246A29A3B3E3009CF0FE /* HomeCellReactor.swift */,
				2C700DE729C1A84F00DDEF77 /* HomeHeaderReactor.swift */,
			);
			path = Reactor;
			sourceTree = "<group>";
		};
		2C04246229A39C13009CF0FE /* Model */ = {
			isa = PBXGroup;
			children = (
				2C04246329A39C26009CF0FE /* Perfume.swift */,
				2C04246529A39C30009CF0FE /* HomeSection.swift */,
			);
			path = Model;
			sourceTree = "<group>";
		};
		2C04246729A3A983009CF0FE /* Search */ = {
			isa = PBXGroup;
			children = (
				2CAB7A9B29B08E3200E74809 /* Model */,
				2C4041CC29ACD92A009247E7 /* View */,
				2C6DAD0929A76EF9003F0E98 /* Reactor */,
				2C6DAD0829A76EF3003F0E98 /* VIewController */,
			);
			path = Search;
			sourceTree = "<group>";
		};
		2C04246C29A3E0FD009CF0FE /* Reactor */ = {
			isa = PBXGroup;
			children = (
				2C04246D29A3E112009CF0FE /* DetailViewReactor.swift */,
				2C04247629A3FCED009CF0FE /* PerfumeInfoViewReactor.swift */,
				2C04247829A3FD03009CF0FE /* CommentCellReactor.swift */,
			);
			path = Reactor;
			sourceTree = "<group>";
		};
		2C04246F29A3E3BE009CF0FE /* Model */ = {
			isa = PBXGroup;
			children = (
				2C04247029A3E3D4009CF0FE /* PerfumeDetail.swift */,
				2C04247229A3F7A6009CF0FE /* DetailSection.swift */,
				2C04247429A3F899009CF0FE /* Comment.swift */,
			);
			path = Model;
			sourceTree = "<group>";
		};
		2C04247D29A4C312009CF0FE /* CommentList */ = {
			isa = PBXGroup;
			children = (
				2C04248929A4FAA9009CF0FE /* Model */,
				2C04248629A4E4A1009CF0FE /* View */,
				2C04248329A4D846009CF0FE /* Reactor */,
				2C04248029A4C335009CF0FE /* ViewController */,
			);
			path = CommentList;
			sourceTree = "<group>";
		};
		2C04248029A4C335009CF0FE /* ViewController */ = {
			isa = PBXGroup;
			children = (
				2C04247E29A4C329009CF0FE /* CommentListViewController.swift */,
			);
			path = ViewController;
			sourceTree = "<group>";
		};
		2C04248329A4D846009CF0FE /* Reactor */ = {
			isa = PBXGroup;
			children = (
				2C04248429A4D859009CF0FE /* CommentListReactor.swift */,
			);
			path = Reactor;
			sourceTree = "<group>";
		};
		2C04248629A4E4A1009CF0FE /* View */ = {
			isa = PBXGroup;
			children = (
				2C04249529A533DF009CF0FE /* CommentBottomView.swift */,
				2C724E2E29AB1A120057D9B4 /* CommentListTopView.swift */,
			);
			path = View;
			sourceTree = "<group>";
		};
		2C04248929A4FAA9009CF0FE /* Model */ = {
			isa = PBXGroup;
			children = (
				2C04248A29A4FABA009CF0FE /* CommentSection.swift */,
			);
			path = Model;
			sourceTree = "<group>";
		};
		2C04248C29A50439009CF0FE /* CommentDetail */ = {
			isa = PBXGroup;
			children = (
				2C04248F29A50458009CF0FE /* View */,
				2C04248E29A5044E009CF0FE /* Reactor */,
				2C04248D29A50448009CF0FE /* ViewController */,
			);
			path = CommentDetail;
			sourceTree = "<group>";
		};
		2C04248D29A50448009CF0FE /* ViewController */ = {
			isa = PBXGroup;
			children = (
				2C04249129A504D3009CF0FE /* CommentDetailViewController.swift */,
			);
			path = ViewController;
			sourceTree = "<group>";
		};
		2C04248E29A5044E009CF0FE /* Reactor */ = {
			isa = PBXGroup;
			children = (
				2C04249329A50DB4009CF0FE /* CommentDetailReactor.swift */,
			);
			path = Reactor;
			sourceTree = "<group>";
		};
		2C04248F29A50458009CF0FE /* View */ = {
			isa = PBXGroup;
			children = (
			);
			path = View;
			sourceTree = "<group>";
		};
		2C04249729A6565E009CF0FE /* CommentWrite */ = {
			isa = PBXGroup;
			children = (
				2C04249929A65676009CF0FE /* Reactor */,
				2C04249829A6566D009CF0FE /* ViewController */,
			);
			path = CommentWrite;
			sourceTree = "<group>";
		};
		2C04249829A6566D009CF0FE /* ViewController */ = {
			isa = PBXGroup;
			children = (
				2C04249A29A656BB009CF0FE /* CommentWriteViewController.swift */,
			);
			path = ViewController;
			sourceTree = "<group>";
		};
		2C04249929A65676009CF0FE /* Reactor */ = {
			isa = PBXGroup;
			children = (
				2C04249C29A65C32009CF0FE /* CommentWriteReactor.swift */,
			);
			path = Reactor;
			sourceTree = "<group>";
		};
		2C39AA09296DB4DE000C6F71 = {
			isa = PBXGroup;
			children = (
				2C39AA14296DB4DE000C6F71 /* HMOA_iOS */,
				2C39AA2E296DB4E0000C6F71 /* HMOA_iOSTests */,
				2C39AA38296DB4E0000C6F71 /* HMOA_iOSUITests */,
				2C39AA13296DB4DE000C6F71 /* Products */,
				1A58281E02322D714CA8DDA3 /* Pods */,
				BC28113BDB150DAB2A9BA07C /* Frameworks */,
			);
			sourceTree = "<group>";
		};
		2C39AA13296DB4DE000C6F71 /* Products */ = {
			isa = PBXGroup;
			children = (
				2C39AA12296DB4DE000C6F71 /* HMOA_iOS.app */,
				2C39AA2B296DB4E0000C6F71 /* HMOA_iOSTests.xctest */,
				2C39AA35296DB4E0000C6F71 /* HMOA_iOSUITests.xctest */,
			);
			name = Products;
			sourceTree = "<group>";
		};
		2C39AA14296DB4DE000C6F71 /* HMOA_iOS */ = {
			isa = PBXGroup;
			children = (
				2C39AA78297054CD000C6F71 /* Source */,
				2C39AA4C297041D4000C6F71 /* Resource */,
			);
			path = HMOA_iOS;
			sourceTree = "<group>";
		};
		2C39AA2E296DB4E0000C6F71 /* HMOA_iOSTests */ = {
			isa = PBXGroup;
			children = (
				2C39AA2F296DB4E0000C6F71 /* HMOA_iOSTests.swift */,
			);
			path = HMOA_iOSTests;
			sourceTree = "<group>";
		};
		2C39AA38296DB4E0000C6F71 /* HMOA_iOSUITests */ = {
			isa = PBXGroup;
			children = (
				2C39AA39296DB4E0000C6F71 /* HMOA_iOSUITests.swift */,
				2C39AA3B296DB4E0000C6F71 /* HMOA_iOSUITestsLaunchTests.swift */,
			);
			path = HMOA_iOSUITests;
			sourceTree = "<group>";
		};
		2C39AA4A2970417D000C6F71 /* Presentation */ = {
			isa = PBXGroup;
			children = (
				CA914489297E757F00762BC0 /* Login */,
				2C39AA4D29704215000C6F71 /* Tab */,
				2C39AA5D2970470D000C6F71 /* AppTabbarController.swift */,
			);
			path = Presentation;
			sourceTree = "<group>";
		};
		2C39AA4C297041D4000C6F71 /* Resource */ = {
			isa = PBXGroup;
			children = (
				CA914492297E854700762BC0 /* Font */,
				2C39AA7629704C2F000C6F71 /* Info.plist */,
				2C39AA23296DB4E0000C6F71 /* LaunchScreen.storyboard */,
				2C39AA21296DB4E0000C6F71 /* Assets.xcassets */,
				2C39AA1E296DB4DE000C6F71 /* HMOA_iOS.xcdatamodeld */,
			);
			path = Resource;
			sourceTree = "<group>";
		};
		2C39AA4D29704215000C6F71 /* Tab */ = {
			isa = PBXGroup;
			children = (
				2C60F22929BA12E300595EF4 /* HPedia */,
				2C39AA5229704292000C6F71 /* Drawer */,
				2C39AA512970426E000C6F71 /* MyPage */,
				2C39AA5029704265000C6F71 /* Menu */,
				2C39AA4E29704253000C6F71 /* Home */,
			);
			path = Tab;
			sourceTree = "<group>";
		};
		2C39AA4E29704253000C6F71 /* Home */ = {
			isa = PBXGroup;
			children = (
				2C730DE029C5B024001E2B87 /* BrandDetail */,
				2C4A266029C3207C009F288F /* BrandSearch */,
				2C700DE629C1988000DDEF77 /* Home */,
				2C04249729A6565E009CF0FE /* CommentWrite */,
				2C04248C29A50439009CF0FE /* CommentDetail */,
				2C04247D29A4C312009CF0FE /* CommentList */,
				2C04246729A3A983009CF0FE /* Search */,
				2CAD9630298E465600974500 /* Detail */,
			);
			path = Home;
			sourceTree = "<group>";
		};
		2C39AA5029704265000C6F71 /* Menu */ = {
			isa = PBXGroup;
			children = (
				2C39AA6C29704855000C6F71 /* ViewController */,
			);
			path = Menu;
			sourceTree = "<group>";
		};
		2C39AA512970426E000C6F71 /* MyPage */ = {
			isa = PBXGroup;
			children = (
				2C710EFD297C1810006BE23B /* ViewModel */,
				2C710EF6297C0E75006BE23B /* View */,
				2C39AA6B2970484E000C6F71 /* ViewController */,
			);
			path = MyPage;
			sourceTree = "<group>";
		};
		2C39AA5229704292000C6F71 /* Drawer */ = {
			isa = PBXGroup;
			children = (
				2C39AA6A29704846000C6F71 /* ViewController */,
			);
			path = Drawer;
			sourceTree = "<group>";
		};
		2C39AA6A29704846000C6F71 /* ViewController */ = {
			isa = PBXGroup;
			children = (
				2C39AA5F297047F9000C6F71 /* DrawerViewController.swift */,
			);
			path = ViewController;
			sourceTree = "<group>";
		};
		2C39AA6B2970484E000C6F71 /* ViewController */ = {
			isa = PBXGroup;
			children = (
				2C39AA6129704803000C6F71 /* MyPageViewController.swift */,
			);
			path = ViewController;
			sourceTree = "<group>";
		};
		2C39AA6C29704855000C6F71 /* ViewController */ = {
			isa = PBXGroup;
			children = (
				2C39AA632970480E000C6F71 /* MenuViewController.swift */,
			);
			path = ViewController;
			sourceTree = "<group>";
		};
		2C39AA6E29704866000C6F71 /* ViewController */ = {
			isa = PBXGroup;
			children = (
				2C39AA672970481F000C6F71 /* HomeViewController.swift */,
			);
			path = ViewController;
			sourceTree = "<group>";
		};
		2C39AA78297054CD000C6F71 /* Source */ = {
			isa = PBXGroup;
			children = (
				2CAD963C298E693D00974500 /* CustomView */,
				2C39AA4A2970417D000C6F71 /* Presentation */,
				2C39AA79297054EA000C6F71 /* Extenstions */,
				2C39AA15296DB4DE000C6F71 /* AppDelegate.swift */,
				2C39AA17296DB4DE000C6F71 /* SceneDelegate.swift */,
			);
			path = Source;
			sourceTree = "<group>";
		};
		2C39AA79297054EA000C6F71 /* Extenstions */ = {
			isa = PBXGroup;
			children = (
				2C39AA7A29705524000C6F71 /* UIColor++Extenstions.swift */,
				2C39AA7E29705B4C000C6F71 /* UITabBarItem++Extensions.swift */,
				2C710EF0297BCC33006BE23B /* UIViewController++Extenstions.swift */,
				CA5D24A02983EFAB0014ADF8 /* UIStackView++Extenstions.swift */,
				CA91448E297E760800762BC0 /* UITextField++Extenstions.swift */,
				CA914497297E873300762BC0 /* UIFont++Extenstions.swift */,
				CA5D249E2983EEE50014ADF8 /* UILabel++Extenstions.swift */,
				2CAD9640298E6F6200974500 /* TagListView++Extenstions.swift */,
				2C4DEECC299BBF7500DE9778 /* UINavigationItem++Extenstions.swift */,
				2C04249E29A67F07009CF0FE /* UIButton++Extenstions.swift */,
				2C60F21F29BA0F4000595EF4 /* Int++Extenstions.swift */,
			);
			path = Extenstions;
			sourceTree = "<group>";
		};
		2C4041CC29ACD92A009247E7 /* View */ = {
			isa = PBXGroup;
			children = (
				2C4041CD29ACD94D009247E7 /* SearchBarContainerView.swift */,
				2C4041D529AD1211009247E7 /* SearchListTableViewCell.swift */,
				2CAB7A9729B07A2300E74809 /* SearchResultTopView.swift */,
				2CAB7A9929B08BBA00E74809 /* SearchResultCollectionViewCell.swift */,
				2CAB7A9C29B08E4100E74809 /* Product.swift */,
			);
			path = View;
			sourceTree = "<group>";
		};
		2C4A266029C3207C009F288F /* BrandSearch */ = {
			isa = PBXGroup;
			children = (
				2C4A266429C32098009F288F /* Reactor */,
				2C4A266329C32091009F288F /* Model */,
				2C4A266229C3208D009F288F /* View */,
				2C4A266129C32087009F288F /* VIewController */,
			);
			path = BrandSearch;
			sourceTree = "<group>";
		};
		2C4A266129C32087009F288F /* VIewController */ = {
			isa = PBXGroup;
			children = (
				2C4A266529C320B5009F288F /* BrandSearchViewController.swift */,
			);
			path = VIewController;
			sourceTree = "<group>";
		};
		2C4A266229C3208D009F288F /* View */ = {
			isa = PBXGroup;
			children = (
				2C730DD829C4A46C001E2B87 /* BrandListCollectionViewCell.swift */,
				2C730DDC29C4AD1C001E2B87 /* BrandListHeaderView.swift */,
			);
			path = View;
			sourceTree = "<group>";
		};
		2C4A266329C32091009F288F /* Model */ = {
			isa = PBXGroup;
			children = (
				2C730DDA29C4AC06001E2B87 /* Brand.swift */,
				2C730DDE29C4B2FD001E2B87 /* BrandSearchSection.swift */,
			);
			path = Model;
			sourceTree = "<group>";
		};
		2C4A266429C32098009F288F /* Reactor */ = {
			isa = PBXGroup;
			children = (
				2C4A266729C32636009F288F /* BrandSearchReactor.swift */,
			);
			path = Reactor;
			sourceTree = "<group>";
		};
		2C4DD366297547620027CE40 /* View */ = {
			isa = PBXGroup;
			children = (
				2C4DD36B29754B3A0027CE40 /* HomeTopCell.swift */,
				2C4DD36D29754B410027CE40 /* HomeCell.swift */,
				2C4DD3732976E1A70027CE40 /* HomeView.swift */,
				2C710EEC29798172006BE23B /* HomeFirstCell.swift */,
				2C4DD36F29756D3A0027CE40 /* HomeCellHeaderView.swift */,
				2C710EEE29798330006BE23B /* HomeFirstCellHeaderView.swift */,
			);
			path = View;
			sourceTree = "<group>";
		};
		2C60F22929BA12E300595EF4 /* HPedia */ = {
			isa = PBXGroup;
			children = (
				2C60F22A29BA12E900595EF4 /* ViewController */,
			);
			path = HPedia;
			sourceTree = "<group>";
		};
		2C60F22A29BA12E900595EF4 /* ViewController */ = {
			isa = PBXGroup;
			children = (
				2C60F22B29BA130300595EF4 /* HPediaViewController.swift */,
			);
			path = ViewController;
			sourceTree = "<group>";
		};
		2C6DAD0829A76EF3003F0E98 /* VIewController */ = {
			isa = PBXGroup;
			children = (
				2C04246829A3A992009CF0FE /* SearchViewController.swift */,
				2C4041D129ACDC58009247E7 /* SearchListViewController.swift */,
				2C4041D329ACDC67009247E7 /* SearchResultViewController.swift */,
			);
			path = VIewController;
			sourceTree = "<group>";
		};
		2C6DAD0929A76EF9003F0E98 /* Reactor */ = {
			isa = PBXGroup;
			children = (
				2C6DAD0A29A76F0D003F0E98 /* SearchReactor.swift */,
			);
			path = Reactor;
			sourceTree = "<group>";
		};
		2C700DE629C1988000DDEF77 /* Home */ = {
			isa = PBXGroup;
			children = (
				2C04246229A39C13009CF0FE /* Model */,
				2C04245F29A37F5C009CF0FE /* Reactor */,
				2C4DD366297547620027CE40 /* View */,
				2C39AA6E29704866000C6F71 /* ViewController */,
			);
			path = Home;
			sourceTree = "<group>";
		};
		2C710EF6297C0E75006BE23B /* View */ = {
			isa = PBXGroup;
			children = (
				2C710EF4297C0C8C006BE23B /* MyPageTopView.swift */,
				2C710EF7297C0F5E006BE23B /* MyPageView.swift */,
				2C710EFB297C15DF006BE23B /* MyPageCell.swift */,
			);
			path = View;
			sourceTree = "<group>";
		};
		2C710EFD297C1810006BE23B /* ViewModel */ = {
			isa = PBXGroup;
			children = (
				2C710EFE297C183F006BE23B /* MyPageViewModel.swift */,
			);
			path = ViewModel;
			sourceTree = "<group>";
		};
		2C730DE029C5B024001E2B87 /* BrandDetail */ = {
			isa = PBXGroup;
			children = (
				2C730DE329C5B05E001E2B87 /* Reactor */,
				2C730DE229C5B058001E2B87 /* View */,
				2C730DE129C5B054001E2B87 /* ViewController */,
			);
			path = BrandDetail;
			sourceTree = "<group>";
		};
		2C730DE129C5B054001E2B87 /* ViewController */ = {
			isa = PBXGroup;
			children = (
				2C730DE429C5B077001E2B87 /* BrandDetailViewController.swift */,
			);
			path = ViewController;
			sourceTree = "<group>";
		};
		2C730DE229C5B058001E2B87 /* View */ = {
			isa = PBXGroup;
			children = (
			);
			path = View;
			sourceTree = "<group>";
		};
		2C730DE329C5B05E001E2B87 /* Reactor */ = {
			isa = PBXGroup;
			children = (
				2C730DE629C5B4F1001E2B87 /* BrandDetailReactor.swift */,
			);
			path = Reactor;
			sourceTree = "<group>";
		};
		2CAB7A9B29B08E3200E74809 /* Model */ = {
			isa = PBXGroup;
			children = (
			);
			path = Model;
			sourceTree = "<group>";
		};
		2CAD9630298E465600974500 /* Detail */ = {
			isa = PBXGroup;
			children = (
				2C04246F29A3E3BE009CF0FE /* Model */,
				2C04246C29A3E0FD009CF0FE /* Reactor */,
				2CAD9632298E467D00974500 /* View */,
				2CAD9631298E467800974500 /* ViewController */,
			);
			path = Detail;
			sourceTree = "<group>";
		};
		2CAD9631298E467800974500 /* ViewController */ = {
			isa = PBXGroup;
			children = (
				2CAD9634298E469200974500 /* DetailViewController.swift */,
			);
			path = ViewController;
			sourceTree = "<group>";
		};
		2CAD9632298E467D00974500 /* View */ = {
			isa = PBXGroup;
			children = (
				2CAD9636298E483800974500 /* DetailView.swift */,
				2CAD9638298E4C1D00974500 /* PerfumeInfoView.swift */,
				2C1BD6A8298FAA370059A43D /* CommentCell.swift */,
				2C1BD6AE298FDB3A0059A43D /* PerfumeInfoCell.swift */,
				2C1BD6B0298FE5A40059A43D /* SimilarCell.swift */,
				2C1BD6B2298FF14F0059A43D /* SimilarHeaderView.swift */,
				2C1BD6BD29978EDD0059A43D /* BrandView.swift */,
				2C1BD6BF299798660059A43D /* TastingNoteView.swift */,
				2C1BD6C12997A35C0059A43D /* CommentHeaderView.swift */,
				2C1BD6C32997A6F80059A43D /* CommentFooterView.swift */,
				2C1BD6C52998D34F0059A43D /* DetailBottomView.swift */,
			);
			path = View;
			sourceTree = "<group>";
		};
		2CAD963C298E693D00974500 /* CustomView */ = {
			isa = PBXGroup;
			children = (
				CAFA450F29AB7E3400ACF2C1 /* Label */,
				2CAD963D298E695200974500 /* View */,
			);
			path = CustomView;
			sourceTree = "<group>";
		};
		2CAD963D298E695200974500 /* View */ = {
			isa = PBXGroup;
			children = (
				2C1BD6BB299785360059A43D /* EmptyPerfumeView.swift */,
			);
			path = View;
			sourceTree = "<group>";
		};
		BC28113BDB150DAB2A9BA07C /* Frameworks */ = {
			isa = PBXGroup;
			children = (
				A266DA0D7E24CB1ED544B374 /* Pods_HMOA_iOS.framework */,
				1010CAD33467EC8F888DFEC6 /* Pods_HMOA_iOS_HMOA_iOSUITests.framework */,
				B8B8B44657C226494B4D2190 /* Pods_HMOA_iOSTests.framework */,
			);
			name = Frameworks;
			sourceTree = "<group>";
		};
		CA051CAC297FD9BD001865F5 /* Start */ = {
			isa = PBXGroup;
			children = (
				CAFA450629AB7D9B00ACF2C1 /* Model */,
				CA051CAE297FDA04001865F5 /* ViewController */,
				CA051CAD297FD9FB001865F5 /* ViewModel */,
			);
			path = Start;
			sourceTree = "<group>";
		};
		CA051CAD297FD9FB001865F5 /* ViewModel */ = {
			isa = PBXGroup;
			children = (
				CAFA450B29AB7E0600ACF2C1 /* ChoiceYearViewModel.swift */,
				CAFA450D29AB7E1300ACF2C1 /* StartViewModel.swift */,
			);
			path = ViewModel;
			sourceTree = "<group>";
		};
		CA051CAE297FDA04001865F5 /* ViewController */ = {
			isa = PBXGroup;
			children = (
				CA051CAF297FDA0F001865F5 /* StartViewController.swift */,
				CAFA450929AB7DEA00ACF2C1 /* ChoiceYearViewController.swift */,
			);
			path = ViewController;
			sourceTree = "<group>";
		};
		CA914489297E757F00762BC0 /* Login */ = {
			isa = PBXGroup;
			children = (
				CAFB9F3E29B5C6710009654C /* Reactor */,
				CA051CAC297FD9BD001865F5 /* Start */,
				CA91448B297E75B100762BC0 /* ViewController */,
			);
			path = Login;
			sourceTree = "<group>";
		};
		CA91448B297E75B100762BC0 /* ViewController */ = {
			isa = PBXGroup;
			children = (
				CA91448C297E75C700762BC0 /* LoginViewController.swift */,
			);
			path = ViewController;
			sourceTree = "<group>";
		};
		CA914492297E854700762BC0 /* Font */ = {
			isa = PBXGroup;
			children = (
				CA914499297E8A5500762BC0 /* Pretendard-Regular.ttf */,
				CA914495297E859100762BC0 /* Slabo27px-Regular.ttf */,
			);
			path = Font;
			sourceTree = "<group>";
		};
		CAFA450629AB7D9B00ACF2C1 /* Model */ = {
			isa = PBXGroup;
			children = (
				CAFA450729AB7DC300ACF2C1 /* YearModel.swift */,
			);
			path = Model;
			sourceTree = "<group>";
		};
		CAFA450F29AB7E3400ACF2C1 /* Label */ = {
			isa = PBXGroup;
			children = (
				CAFA451029AB7E4000ACF2C1 /* PaddingLabel.swift */,
			);
			path = Label;
			sourceTree = "<group>";
		};
		CAFB9F3E29B5C6710009654C /* Reactor */ = {
			isa = PBXGroup;
			children = (
				CAFB9F3F29B5C67B0009654C /* LoginReactor.swift */,
				CA174F6229BB33AF006E7680 /* StartReactor.swift */,
				CA16AC8529BCD83E00FD57C1 /* ChoiceYearReactor.swift */,
			);
			path = Reactor;
			sourceTree = "<group>";
		};
/* End PBXGroup section */

/* Begin PBXNativeTarget section */
		2C39AA11296DB4DE000C6F71 /* HMOA_iOS */ = {
			isa = PBXNativeTarget;
			buildConfigurationList = 2C39AA3F296DB4E0000C6F71 /* Build configuration list for PBXNativeTarget "HMOA_iOS" */;
			buildPhases = (
				F962E4564DDE87E541AE07D3 /* [CP] Check Pods Manifest.lock */,
				2C39AA0E296DB4DE000C6F71 /* Sources */,
				2C39AA0F296DB4DE000C6F71 /* Frameworks */,
				2C39AA10296DB4DE000C6F71 /* Resources */,
				4D92FF9F35A52A03249AB255 /* [CP] Embed Pods Frameworks */,
			);
			buildRules = (
			);
			dependencies = (
			);
			name = HMOA_iOS;
			packageProductDependencies = (
				2C1BD6B529968CE00059A43D /* Pretendard */,
			);
			productName = HMOA_iOS;
			productReference = 2C39AA12296DB4DE000C6F71 /* HMOA_iOS.app */;
			productType = "com.apple.product-type.application";
		};
		2C39AA2A296DB4E0000C6F71 /* HMOA_iOSTests */ = {
			isa = PBXNativeTarget;
			buildConfigurationList = 2C39AA42296DB4E0000C6F71 /* Build configuration list for PBXNativeTarget "HMOA_iOSTests" */;
			buildPhases = (
				B11B2BDA8C1497CA752D9C1B /* [CP] Check Pods Manifest.lock */,
				2C39AA27296DB4E0000C6F71 /* Sources */,
				2C39AA28296DB4E0000C6F71 /* Frameworks */,
				2C39AA29296DB4E0000C6F71 /* Resources */,
			);
			buildRules = (
			);
			dependencies = (
				2C39AA2D296DB4E0000C6F71 /* PBXTargetDependency */,
			);
			name = HMOA_iOSTests;
			productName = HMOA_iOSTests;
			productReference = 2C39AA2B296DB4E0000C6F71 /* HMOA_iOSTests.xctest */;
			productType = "com.apple.product-type.bundle.unit-test";
		};
		2C39AA34296DB4E0000C6F71 /* HMOA_iOSUITests */ = {
			isa = PBXNativeTarget;
			buildConfigurationList = 2C39AA45296DB4E0000C6F71 /* Build configuration list for PBXNativeTarget "HMOA_iOSUITests" */;
			buildPhases = (
				73BCB1B8AB9DBB1F54604B15 /* [CP] Check Pods Manifest.lock */,
				2C39AA31296DB4E0000C6F71 /* Sources */,
				2C39AA32296DB4E0000C6F71 /* Frameworks */,
				2C39AA33296DB4E0000C6F71 /* Resources */,
				689D7BDE513B428374E1D0DF /* [CP] Embed Pods Frameworks */,
			);
			buildRules = (
			);
			dependencies = (
				2C39AA37296DB4E0000C6F71 /* PBXTargetDependency */,
			);
			name = HMOA_iOSUITests;
			productName = HMOA_iOSUITests;
			productReference = 2C39AA35296DB4E0000C6F71 /* HMOA_iOSUITests.xctest */;
			productType = "com.apple.product-type.bundle.ui-testing";
		};
/* End PBXNativeTarget section */

/* Begin PBXProject section */
		2C39AA0A296DB4DE000C6F71 /* Project object */ = {
			isa = PBXProject;
			attributes = {
				BuildIndependentTargetsInParallel = 1;
				LastSwiftUpdateCheck = 1420;
				LastUpgradeCheck = 1420;
				TargetAttributes = {
					2C39AA11296DB4DE000C6F71 = {
						CreatedOnToolsVersion = 14.2;
					};
					2C39AA2A296DB4E0000C6F71 = {
						CreatedOnToolsVersion = 14.2;
						TestTargetID = 2C39AA11296DB4DE000C6F71;
					};
					2C39AA34296DB4E0000C6F71 = {
						CreatedOnToolsVersion = 14.2;
						TestTargetID = 2C39AA11296DB4DE000C6F71;
					};
				};
			};
			buildConfigurationList = 2C39AA0D296DB4DE000C6F71 /* Build configuration list for PBXProject "HMOA_iOS" */;
			compatibilityVersion = "Xcode 13.0";
			developmentRegion = en;
			hasScannedForEncodings = 0;
			knownRegions = (
				en,
				Base,
			);
			mainGroup = 2C39AA09296DB4DE000C6F71;
			packageReferences = (
				2C1BD6B429968CE00059A43D /* XCRemoteSwiftPackageReference "Pretendard" */,
			);
			productRefGroup = 2C39AA13296DB4DE000C6F71 /* Products */;
			projectDirPath = "";
			projectRoot = "";
			targets = (
				2C39AA11296DB4DE000C6F71 /* HMOA_iOS */,
				2C39AA2A296DB4E0000C6F71 /* HMOA_iOSTests */,
				2C39AA34296DB4E0000C6F71 /* HMOA_iOSUITests */,
			);
		};
/* End PBXProject section */

/* Begin PBXResourcesBuildPhase section */
		2C39AA10296DB4DE000C6F71 /* Resources */ = {
			isa = PBXResourcesBuildPhase;
			buildActionMask = 2147483647;
			files = (
				2C39AA25296DB4E0000C6F71 /* LaunchScreen.storyboard in Resources */,
				2C39AA22296DB4E0000C6F71 /* Assets.xcassets in Resources */,
				CA91449A297E8A5500762BC0 /* Pretendard-Regular.ttf in Resources */,
				CA914496297E859100762BC0 /* Slabo27px-Regular.ttf in Resources */,
			);
			runOnlyForDeploymentPostprocessing = 0;
		};
		2C39AA29296DB4E0000C6F71 /* Resources */ = {
			isa = PBXResourcesBuildPhase;
			buildActionMask = 2147483647;
			files = (
			);
			runOnlyForDeploymentPostprocessing = 0;
		};
		2C39AA33296DB4E0000C6F71 /* Resources */ = {
			isa = PBXResourcesBuildPhase;
			buildActionMask = 2147483647;
			files = (
			);
			runOnlyForDeploymentPostprocessing = 0;
		};
/* End PBXResourcesBuildPhase section */

/* Begin PBXShellScriptBuildPhase section */
		4D92FF9F35A52A03249AB255 /* [CP] Embed Pods Frameworks */ = {
			isa = PBXShellScriptBuildPhase;
			buildActionMask = 2147483647;
			files = (
			);
			inputFileListPaths = (
				"${PODS_ROOT}/Target Support Files/Pods-HMOA_iOS/Pods-HMOA_iOS-frameworks-${CONFIGURATION}-input-files.xcfilelist",
			);
			name = "[CP] Embed Pods Frameworks";
			outputFileListPaths = (
				"${PODS_ROOT}/Target Support Files/Pods-HMOA_iOS/Pods-HMOA_iOS-frameworks-${CONFIGURATION}-output-files.xcfilelist",
			);
			runOnlyForDeploymentPostprocessing = 0;
			shellPath = /bin/sh;
			shellScript = "\"${PODS_ROOT}/Target Support Files/Pods-HMOA_iOS/Pods-HMOA_iOS-frameworks.sh\"\n";
			showEnvVarsInLog = 0;
		};
		689D7BDE513B428374E1D0DF /* [CP] Embed Pods Frameworks */ = {
			isa = PBXShellScriptBuildPhase;
			buildActionMask = 2147483647;
			files = (
			);
			inputFileListPaths = (
				"${PODS_ROOT}/Target Support Files/Pods-HMOA_iOS-HMOA_iOSUITests/Pods-HMOA_iOS-HMOA_iOSUITests-frameworks-${CONFIGURATION}-input-files.xcfilelist",
			);
			name = "[CP] Embed Pods Frameworks";
			outputFileListPaths = (
				"${PODS_ROOT}/Target Support Files/Pods-HMOA_iOS-HMOA_iOSUITests/Pods-HMOA_iOS-HMOA_iOSUITests-frameworks-${CONFIGURATION}-output-files.xcfilelist",
			);
			runOnlyForDeploymentPostprocessing = 0;
			shellPath = /bin/sh;
			shellScript = "\"${PODS_ROOT}/Target Support Files/Pods-HMOA_iOS-HMOA_iOSUITests/Pods-HMOA_iOS-HMOA_iOSUITests-frameworks.sh\"\n";
			showEnvVarsInLog = 0;
		};
		73BCB1B8AB9DBB1F54604B15 /* [CP] Check Pods Manifest.lock */ = {
			isa = PBXShellScriptBuildPhase;
			buildActionMask = 2147483647;
			files = (
			);
			inputFileListPaths = (
			);
			inputPaths = (
				"${PODS_PODFILE_DIR_PATH}/Podfile.lock",
				"${PODS_ROOT}/Manifest.lock",
			);
			name = "[CP] Check Pods Manifest.lock";
			outputFileListPaths = (
			);
			outputPaths = (
				"$(DERIVED_FILE_DIR)/Pods-HMOA_iOS-HMOA_iOSUITests-checkManifestLockResult.txt",
			);
			runOnlyForDeploymentPostprocessing = 0;
			shellPath = /bin/sh;
			shellScript = "diff \"${PODS_PODFILE_DIR_PATH}/Podfile.lock\" \"${PODS_ROOT}/Manifest.lock\" > /dev/null\nif [ $? != 0 ] ; then\n    # print error to STDERR\n    echo \"error: The sandbox is not in sync with the Podfile.lock. Run 'pod install' or update your CocoaPods installation.\" >&2\n    exit 1\nfi\n# This output is used by Xcode 'outputs' to avoid re-running this script phase.\necho \"SUCCESS\" > \"${SCRIPT_OUTPUT_FILE_0}\"\n";
			showEnvVarsInLog = 0;
		};
		B11B2BDA8C1497CA752D9C1B /* [CP] Check Pods Manifest.lock */ = {
			isa = PBXShellScriptBuildPhase;
			buildActionMask = 2147483647;
			files = (
			);
			inputFileListPaths = (
			);
			inputPaths = (
				"${PODS_PODFILE_DIR_PATH}/Podfile.lock",
				"${PODS_ROOT}/Manifest.lock",
			);
			name = "[CP] Check Pods Manifest.lock";
			outputFileListPaths = (
			);
			outputPaths = (
				"$(DERIVED_FILE_DIR)/Pods-HMOA_iOSTests-checkManifestLockResult.txt",
			);
			runOnlyForDeploymentPostprocessing = 0;
			shellPath = /bin/sh;
			shellScript = "diff \"${PODS_PODFILE_DIR_PATH}/Podfile.lock\" \"${PODS_ROOT}/Manifest.lock\" > /dev/null\nif [ $? != 0 ] ; then\n    # print error to STDERR\n    echo \"error: The sandbox is not in sync with the Podfile.lock. Run 'pod install' or update your CocoaPods installation.\" >&2\n    exit 1\nfi\n# This output is used by Xcode 'outputs' to avoid re-running this script phase.\necho \"SUCCESS\" > \"${SCRIPT_OUTPUT_FILE_0}\"\n";
			showEnvVarsInLog = 0;
		};
		F962E4564DDE87E541AE07D3 /* [CP] Check Pods Manifest.lock */ = {
			isa = PBXShellScriptBuildPhase;
			buildActionMask = 2147483647;
			files = (
			);
			inputFileListPaths = (
			);
			inputPaths = (
				"${PODS_PODFILE_DIR_PATH}/Podfile.lock",
				"${PODS_ROOT}/Manifest.lock",
			);
			name = "[CP] Check Pods Manifest.lock";
			outputFileListPaths = (
			);
			outputPaths = (
				"$(DERIVED_FILE_DIR)/Pods-HMOA_iOS-checkManifestLockResult.txt",
			);
			runOnlyForDeploymentPostprocessing = 0;
			shellPath = /bin/sh;
			shellScript = "diff \"${PODS_PODFILE_DIR_PATH}/Podfile.lock\" \"${PODS_ROOT}/Manifest.lock\" > /dev/null\nif [ $? != 0 ] ; then\n    # print error to STDERR\n    echo \"error: The sandbox is not in sync with the Podfile.lock. Run 'pod install' or update your CocoaPods installation.\" >&2\n    exit 1\nfi\n# This output is used by Xcode 'outputs' to avoid re-running this script phase.\necho \"SUCCESS\" > \"${SCRIPT_OUTPUT_FILE_0}\"\n";
			showEnvVarsInLog = 0;
		};
/* End PBXShellScriptBuildPhase section */

/* Begin PBXSourcesBuildPhase section */
		2C39AA0E296DB4DE000C6F71 /* Sources */ = {
			isa = PBXSourcesBuildPhase;
			buildActionMask = 2147483647;
			files = (
				2C04249629A533DF009CF0FE /* CommentBottomView.swift in Sources */,
				2C1BD6BC299785360059A43D /* EmptyPerfumeView.swift in Sources */,
				2C710EF1297BCC33006BE23B /* UIViewController++Extenstions.swift in Sources */,
				CA5D24A12983EFAB0014ADF8 /* UIStackView++Extenstions.swift in Sources */,
				2C60F22029BA0F4000595EF4 /* Int++Extenstions.swift in Sources */,
				2C4A266629C320B5009F288F /* BrandSearchViewController.swift in Sources */,
				2C04248B29A4FABA009CF0FE /* CommentSection.swift in Sources */,
				2C4041CE29ACD94D009247E7 /* SearchBarContainerView.swift in Sources */,
				2C04249229A504D3009CF0FE /* CommentDetailViewController.swift in Sources */,
				2C1BD6C62998D34F0059A43D /* DetailBottomView.swift in Sources */,
				2CAB7A9A29B08BBA00E74809 /* SearchResultCollectionViewCell.swift in Sources */,
				2C39AA7F29705B4C000C6F71 /* UITabBarItem++Extensions.swift in Sources */,
				CA914498297E873300762BC0 /* UIFont++Extenstions.swift in Sources */,
				2C730DDF29C4B2FD001E2B87 /* BrandSearchSection.swift in Sources */,
				2C730DDB29C4AC06001E2B87 /* Brand.swift in Sources */,
				2C39AA20296DB4DE000C6F71 /* HMOA_iOS.xcdatamodeld in Sources */,
				2C730DE529C5B077001E2B87 /* BrandDetailViewController.swift in Sources */,
				CAFA450E29AB7E1300ACF2C1 /* StartViewModel.swift in Sources */,
				2C1BD6C42997A6F80059A43D /* CommentFooterView.swift in Sources */,
				2C4A266829C32636009F288F /* BrandSearchReactor.swift in Sources */,
				CA051CB0297FDA0F001865F5 /* StartViewController.swift in Sources */,
				CA91448F297E760800762BC0 /* UITextField++Extenstions.swift in Sources */,
				CAFA450A29AB7DEA00ACF2C1 /* ChoiceYearViewController.swift in Sources */,
				2CAD9641298E6F6200974500 /* TagListView++Extenstions.swift in Sources */,
				2C1BD6BE29978EDD0059A43D /* BrandView.swift in Sources */,
				2CAD9639298E4C1D00974500 /* PerfumeInfoView.swift in Sources */,
				CAFA450C29AB7E0600ACF2C1 /* ChoiceYearViewModel.swift in Sources */,
				2C39AA6229704803000C6F71 /* MyPageViewController.swift in Sources */,
				2C39AA5E2970470E000C6F71 /* AppTabbarController.swift in Sources */,
				2C04246629A39C30009CF0FE /* HomeSection.swift in Sources */,
				2C1BD6C22997A35C0059A43D /* CommentHeaderView.swift in Sources */,
				2C730DE729C5B4F1001E2B87 /* BrandDetailReactor.swift in Sources */,
				2C4DEECD299BBF7500DE9778 /* UINavigationItem++Extenstions.swift in Sources */,
				2C4DD37029756D3A0027CE40 /* HomeCellHeaderView.swift in Sources */,
				2C04246B29A3B3E3009CF0FE /* HomeCellReactor.swift in Sources */,
				2C04249D29A65C32009CF0FE /* CommentWriteReactor.swift in Sources */,
				2C39AA642970480E000C6F71 /* MenuViewController.swift in Sources */,
				CA16AC8629BCD83E00FD57C1 /* ChoiceYearReactor.swift in Sources */,
				2C4041D229ACDC58009247E7 /* SearchListViewController.swift in Sources */,
				2C1BD6C0299798660059A43D /* TastingNoteView.swift in Sources */,
				2CAB7A9829B07A2300E74809 /* SearchResultTopView.swift in Sources */,
				2C39AA60297047F9000C6F71 /* DrawerViewController.swift in Sources */,
				2C04249F29A67F07009CF0FE /* UIButton++Extenstions.swift in Sources */,
				2C724E2F29AB1A120057D9B4 /* CommentListTopView.swift in Sources */,
				CAFA451129AB7E4000ACF2C1 /* PaddingLabel.swift in Sources */,
				2C4DD36E29754B410027CE40 /* HomeCell.swift in Sources */,
				2CAB7A9D29B08E4100E74809 /* Product.swift in Sources */,
				2CAD9635298E469200974500 /* DetailViewController.swift in Sources */,
				2C39AA682970481F000C6F71 /* HomeViewController.swift in Sources */,
				2C04249B29A656BB009CF0FE /* CommentWriteViewController.swift in Sources */,
				2C1BD6B3298FF14F0059A43D /* SimilarHeaderView.swift in Sources */,
				2C04246429A39C26009CF0FE /* Perfume.swift in Sources */,
				2C04247129A3E3D4009CF0FE /* PerfumeDetail.swift in Sources */,
				2C710EED29798172006BE23B /* HomeFirstCell.swift in Sources */,
				2C39AA16296DB4DE000C6F71 /* AppDelegate.swift in Sources */,
				2C04247F29A4C329009CF0FE /* CommentListViewController.swift in Sources */,
				2C700DE829C1A84F00DDEF77 /* HomeHeaderReactor.swift in Sources */,
				CAFB9F4029B5C67B0009654C /* LoginReactor.swift in Sources */,
				CA91448D297E75C700762BC0 /* LoginViewController.swift in Sources */,
				2C4DD36C29754B3A0027CE40 /* HomeTopCell.swift in Sources */,
				CA174F6329BB33AF006E7680 /* StartReactor.swift in Sources */,
				2C39AA18296DB4DE000C6F71 /* SceneDelegate.swift in Sources */,
				2C04246129A37F7B009CF0FE /* HomeViewReactor.swift in Sources */,
				2C1BD6A9298FAA370059A43D /* CommentCell.swift in Sources */,
				2C730DD929C4A46C001E2B87 /* BrandListCollectionViewCell.swift in Sources */,
				2C710EF5297C0C8C006BE23B /* MyPageTopView.swift in Sources */,
				2C710EF8297C0F5E006BE23B /* MyPageView.swift in Sources */,
				2C04247729A3FCED009CF0FE /* PerfumeInfoViewReactor.swift in Sources */,
				2C6DAD0B29A76F0D003F0E98 /* SearchReactor.swift in Sources */,
				2C1BD6B1298FE5A40059A43D /* SimilarCell.swift in Sources */,
				CA5D249F2983EEE50014ADF8 /* UILabel++Extenstions.swift in Sources */,
				CAFA450829AB7DC300ACF2C1 /* YearModel.swift in Sources */,
				2C60F22C29BA130300595EF4 /* HPediaViewController.swift in Sources */,
				2C730DDD29C4AD1C001E2B87 /* BrandListHeaderView.swift in Sources */,
				2C4DD3742976E1A70027CE40 /* HomeView.swift in Sources */,
				2C710EFC297C15DF006BE23B /* MyPageCell.swift in Sources */,
				2C39AA7B29705524000C6F71 /* UIColor++Extenstions.swift in Sources */,
				2C4041D429ACDC67009247E7 /* SearchResultViewController.swift in Sources */,
				2C04248529A4D859009CF0FE /* CommentListReactor.swift in Sources */,
				2C4041D629AD1211009247E7 /* SearchListTableViewCell.swift in Sources */,
				2C04249429A50DB4009CF0FE /* CommentDetailReactor.swift in Sources */,
				2C04246E29A3E112009CF0FE /* DetailViewReactor.swift in Sources */,
				2C04246929A3A992009CF0FE /* SearchViewController.swift in Sources */,
				2C710EEF29798330006BE23B /* HomeFirstCellHeaderView.swift in Sources */,
				2C04247329A3F7A6009CF0FE /* DetailSection.swift in Sources */,
				2C04247929A3FD03009CF0FE /* CommentCellReactor.swift in Sources */,
				2C04247529A3F899009CF0FE /* Comment.swift in Sources */,
				2CAD9637298E483800974500 /* DetailView.swift in Sources */,
				2C710EFF297C1840006BE23B /* MyPageViewModel.swift in Sources */,
				2C1BD6AF298FDB3A0059A43D /* PerfumeInfoCell.swift in Sources */,
			);
			runOnlyForDeploymentPostprocessing = 0;
		};
		2C39AA27296DB4E0000C6F71 /* Sources */ = {
			isa = PBXSourcesBuildPhase;
			buildActionMask = 2147483647;
			files = (
				2C39AA30296DB4E0000C6F71 /* HMOA_iOSTests.swift in Sources */,
			);
			runOnlyForDeploymentPostprocessing = 0;
		};
		2C39AA31296DB4E0000C6F71 /* Sources */ = {
			isa = PBXSourcesBuildPhase;
			buildActionMask = 2147483647;
			files = (
				2C39AA3C296DB4E0000C6F71 /* HMOA_iOSUITestsLaunchTests.swift in Sources */,
				2C39AA3A296DB4E0000C6F71 /* HMOA_iOSUITests.swift in Sources */,
			);
			runOnlyForDeploymentPostprocessing = 0;
		};
/* End PBXSourcesBuildPhase section */

/* Begin PBXTargetDependency section */
		2C39AA2D296DB4E0000C6F71 /* PBXTargetDependency */ = {
			isa = PBXTargetDependency;
			target = 2C39AA11296DB4DE000C6F71 /* HMOA_iOS */;
			targetProxy = 2C39AA2C296DB4E0000C6F71 /* PBXContainerItemProxy */;
		};
		2C39AA37296DB4E0000C6F71 /* PBXTargetDependency */ = {
			isa = PBXTargetDependency;
			target = 2C39AA11296DB4DE000C6F71 /* HMOA_iOS */;
			targetProxy = 2C39AA36296DB4E0000C6F71 /* PBXContainerItemProxy */;
		};
/* End PBXTargetDependency section */

/* Begin PBXVariantGroup section */
		2C39AA23296DB4E0000C6F71 /* LaunchScreen.storyboard */ = {
			isa = PBXVariantGroup;
			children = (
				2C39AA24296DB4E0000C6F71 /* Base */,
			);
			name = LaunchScreen.storyboard;
			sourceTree = "<group>";
		};
/* End PBXVariantGroup section */

/* Begin XCBuildConfiguration section */
		2C39AA3D296DB4E0000C6F71 /* Debug */ = {
			isa = XCBuildConfiguration;
			buildSettings = {
				ALWAYS_EMBED_SWIFT_STANDARD_LIBRARIES = "$(inherited)";
				ALWAYS_SEARCH_USER_PATHS = NO;
				CLANG_ANALYZER_NONNULL = YES;
				CLANG_ANALYZER_NUMBER_OBJECT_CONVERSION = YES_AGGRESSIVE;
				CLANG_CXX_LANGUAGE_STANDARD = "gnu++20";
				CLANG_ENABLE_MODULES = YES;
				CLANG_ENABLE_OBJC_ARC = YES;
				CLANG_ENABLE_OBJC_WEAK = YES;
				CLANG_WARN_BLOCK_CAPTURE_AUTORELEASING = YES;
				CLANG_WARN_BOOL_CONVERSION = YES;
				CLANG_WARN_COMMA = YES;
				CLANG_WARN_CONSTANT_CONVERSION = YES;
				CLANG_WARN_DEPRECATED_OBJC_IMPLEMENTATIONS = YES;
				CLANG_WARN_DIRECT_OBJC_ISA_USAGE = YES_ERROR;
				CLANG_WARN_DOCUMENTATION_COMMENTS = YES;
				CLANG_WARN_EMPTY_BODY = YES;
				CLANG_WARN_ENUM_CONVERSION = YES;
				CLANG_WARN_INFINITE_RECURSION = YES;
				CLANG_WARN_INT_CONVERSION = YES;
				CLANG_WARN_NON_LITERAL_NULL_CONVERSION = YES;
				CLANG_WARN_OBJC_IMPLICIT_RETAIN_SELF = YES;
				CLANG_WARN_OBJC_LITERAL_CONVERSION = YES;
				CLANG_WARN_OBJC_ROOT_CLASS = YES_ERROR;
				CLANG_WARN_QUOTED_INCLUDE_IN_FRAMEWORK_HEADER = YES;
				CLANG_WARN_RANGE_LOOP_ANALYSIS = YES;
				CLANG_WARN_STRICT_PROTOTYPES = YES;
				CLANG_WARN_SUSPICIOUS_MOVE = YES;
				CLANG_WARN_UNGUARDED_AVAILABILITY = YES_AGGRESSIVE;
				CLANG_WARN_UNREACHABLE_CODE = YES;
				CLANG_WARN__DUPLICATE_METHOD_MATCH = YES;
				COPY_PHASE_STRIP = NO;
				DEBUG_INFORMATION_FORMAT = dwarf;
				ENABLE_STRICT_OBJC_MSGSEND = YES;
				ENABLE_TESTABILITY = YES;
				GCC_C_LANGUAGE_STANDARD = gnu11;
				GCC_DYNAMIC_NO_PIC = NO;
				GCC_NO_COMMON_BLOCKS = YES;
				GCC_OPTIMIZATION_LEVEL = 0;
				GCC_PREPROCESSOR_DEFINITIONS = (
					"DEBUG=1",
					"$(inherited)",
				);
				GCC_WARN_64_TO_32_BIT_CONVERSION = YES;
				GCC_WARN_ABOUT_RETURN_TYPE = YES_ERROR;
				GCC_WARN_UNDECLARED_SELECTOR = YES;
				GCC_WARN_UNINITIALIZED_AUTOS = YES_AGGRESSIVE;
				GCC_WARN_UNUSED_FUNCTION = YES;
				GCC_WARN_UNUSED_VARIABLE = YES;
				IPHONEOS_DEPLOYMENT_TARGET = 16.2;
				LIBRARY_SEARCH_PATHS = "$(inherited)";
				MTL_ENABLE_DEBUG_INFO = INCLUDE_SOURCE;
				MTL_FAST_MATH = YES;
				ONLY_ACTIVE_ARCH = YES;
				SDKROOT = iphoneos;
				SWIFT_ACTIVE_COMPILATION_CONDITIONS = DEBUG;
				SWIFT_OPTIMIZATION_LEVEL = "-Onone";
			};
			name = Debug;
		};
		2C39AA3E296DB4E0000C6F71 /* Release */ = {
			isa = XCBuildConfiguration;
			buildSettings = {
				ALWAYS_EMBED_SWIFT_STANDARD_LIBRARIES = "$(inherited)";
				ALWAYS_SEARCH_USER_PATHS = NO;
				CLANG_ANALYZER_NONNULL = YES;
				CLANG_ANALYZER_NUMBER_OBJECT_CONVERSION = YES_AGGRESSIVE;
				CLANG_CXX_LANGUAGE_STANDARD = "gnu++20";
				CLANG_ENABLE_MODULES = YES;
				CLANG_ENABLE_OBJC_ARC = YES;
				CLANG_ENABLE_OBJC_WEAK = YES;
				CLANG_WARN_BLOCK_CAPTURE_AUTORELEASING = YES;
				CLANG_WARN_BOOL_CONVERSION = YES;
				CLANG_WARN_COMMA = YES;
				CLANG_WARN_CONSTANT_CONVERSION = YES;
				CLANG_WARN_DEPRECATED_OBJC_IMPLEMENTATIONS = YES;
				CLANG_WARN_DIRECT_OBJC_ISA_USAGE = YES_ERROR;
				CLANG_WARN_DOCUMENTATION_COMMENTS = YES;
				CLANG_WARN_EMPTY_BODY = YES;
				CLANG_WARN_ENUM_CONVERSION = YES;
				CLANG_WARN_INFINITE_RECURSION = YES;
				CLANG_WARN_INT_CONVERSION = YES;
				CLANG_WARN_NON_LITERAL_NULL_CONVERSION = YES;
				CLANG_WARN_OBJC_IMPLICIT_RETAIN_SELF = YES;
				CLANG_WARN_OBJC_LITERAL_CONVERSION = YES;
				CLANG_WARN_OBJC_ROOT_CLASS = YES_ERROR;
				CLANG_WARN_QUOTED_INCLUDE_IN_FRAMEWORK_HEADER = YES;
				CLANG_WARN_RANGE_LOOP_ANALYSIS = YES;
				CLANG_WARN_STRICT_PROTOTYPES = YES;
				CLANG_WARN_SUSPICIOUS_MOVE = YES;
				CLANG_WARN_UNGUARDED_AVAILABILITY = YES_AGGRESSIVE;
				CLANG_WARN_UNREACHABLE_CODE = YES;
				CLANG_WARN__DUPLICATE_METHOD_MATCH = YES;
				COPY_PHASE_STRIP = NO;
				DEBUG_INFORMATION_FORMAT = "dwarf-with-dsym";
				ENABLE_NS_ASSERTIONS = NO;
				ENABLE_STRICT_OBJC_MSGSEND = YES;
				GCC_C_LANGUAGE_STANDARD = gnu11;
				GCC_NO_COMMON_BLOCKS = YES;
				GCC_WARN_64_TO_32_BIT_CONVERSION = YES;
				GCC_WARN_ABOUT_RETURN_TYPE = YES_ERROR;
				GCC_WARN_UNDECLARED_SELECTOR = YES;
				GCC_WARN_UNINITIALIZED_AUTOS = YES_AGGRESSIVE;
				GCC_WARN_UNUSED_FUNCTION = YES;
				GCC_WARN_UNUSED_VARIABLE = YES;
				IPHONEOS_DEPLOYMENT_TARGET = 16.2;
				LIBRARY_SEARCH_PATHS = "$(inherited)";
				MTL_ENABLE_DEBUG_INFO = NO;
				MTL_FAST_MATH = YES;
				SDKROOT = iphoneos;
				SWIFT_COMPILATION_MODE = wholemodule;
				SWIFT_OPTIMIZATION_LEVEL = "-O";
				VALIDATE_PRODUCT = YES;
			};
			name = Release;
		};
		2C39AA40296DB4E0000C6F71 /* Debug */ = {
			isa = XCBuildConfiguration;
			baseConfigurationReference = 0FCFEF4C58883983391F1277 /* Pods-HMOA_iOS.debug.xcconfig */;
			buildSettings = {
				ALLOW_TARGET_PLATFORM_SPECIALIZATION = YES;
				ALWAYS_EMBED_SWIFT_STANDARD_LIBRARIES = "$(inherited)";
				ASSETCATALOG_COMPILER_APPICON_NAME = AppIcon;
				ASSETCATALOG_COMPILER_GLOBAL_ACCENT_COLOR_NAME = AccentColor;
				BUILD_LIBRARY_FOR_DISTRIBUTION = NO;
				CODE_SIGN_STYLE = Automatic;
				CURRENT_PROJECT_VERSION = 1;
				GENERATE_INFOPLIST_FILE = YES;
				INFOPLIST_FILE = HMOA_iOS/Resource/Info.plist;
				INFOPLIST_KEY_UIApplicationSupportsIndirectInputEvents = YES;
				INFOPLIST_KEY_UILaunchStoryboardName = LaunchScreen;
				INFOPLIST_KEY_UISupportedInterfaceOrientations_iPad = "UIInterfaceOrientationPortrait UIInterfaceOrientationPortraitUpsideDown UIInterfaceOrientationLandscapeLeft UIInterfaceOrientationLandscapeRight";
				INFOPLIST_KEY_UISupportedInterfaceOrientations_iPhone = "UIInterfaceOrientationPortrait UIInterfaceOrientationLandscapeLeft UIInterfaceOrientationLandscapeRight";
				LD_RUNPATH_SEARCH_PATHS = (
					"$(inherited)",
					"@executable_path/Frameworks",
				);
				LIBRARY_SEARCH_PATHS = "$(inherited)";
				MARKETING_VERSION = 1.0;
				PRODUCT_BUNDLE_IDENTIFIER = "com.hyungyu.HMOA-iOS";
				PRODUCT_NAME = "$(TARGET_NAME)";
				SWIFT_EMIT_LOC_STRINGS = YES;
				SWIFT_VERSION = 5.0;
				TARGETED_DEVICE_FAMILY = "1,2";
			};
			name = Debug;
		};
		2C39AA41296DB4E0000C6F71 /* Release */ = {
			isa = XCBuildConfiguration;
			baseConfigurationReference = 4E20A0B5EE1007CE84ADB6F6 /* Pods-HMOA_iOS.release.xcconfig */;
			buildSettings = {
				ALLOW_TARGET_PLATFORM_SPECIALIZATION = YES;
				ALWAYS_EMBED_SWIFT_STANDARD_LIBRARIES = "$(inherited)";
				ASSETCATALOG_COMPILER_APPICON_NAME = AppIcon;
				ASSETCATALOG_COMPILER_GLOBAL_ACCENT_COLOR_NAME = AccentColor;
				BUILD_LIBRARY_FOR_DISTRIBUTION = NO;
				CODE_SIGN_STYLE = Automatic;
				CURRENT_PROJECT_VERSION = 1;
				ENABLE_ONLY_ACTIVE_RESOURCES = YES;
				GENERATE_INFOPLIST_FILE = YES;
				INFOPLIST_FILE = HMOA_iOS/Resource/Info.plist;
				INFOPLIST_KEY_UIApplicationSupportsIndirectInputEvents = YES;
				INFOPLIST_KEY_UILaunchStoryboardName = LaunchScreen;
				INFOPLIST_KEY_UISupportedInterfaceOrientations_iPad = "UIInterfaceOrientationPortrait UIInterfaceOrientationPortraitUpsideDown UIInterfaceOrientationLandscapeLeft UIInterfaceOrientationLandscapeRight";
				INFOPLIST_KEY_UISupportedInterfaceOrientations_iPhone = "UIInterfaceOrientationPortrait UIInterfaceOrientationLandscapeLeft UIInterfaceOrientationLandscapeRight";
				LD_RUNPATH_SEARCH_PATHS = (
					"$(inherited)",
					"@executable_path/Frameworks",
				);
				LIBRARY_SEARCH_PATHS = "$(inherited)";
				MARKETING_VERSION = 1.0;
				PRODUCT_BUNDLE_IDENTIFIER = "com.hyungyu.HMOA-iOS";
				PRODUCT_NAME = "$(TARGET_NAME)";
				SWIFT_EMIT_LOC_STRINGS = YES;
				SWIFT_VERSION = 5.0;
				TARGETED_DEVICE_FAMILY = "1,2";
			};
			name = Release;
		};
		2C39AA43296DB4E0000C6F71 /* Debug */ = {
			isa = XCBuildConfiguration;
			baseConfigurationReference = FD433F530CC172AADE2B97A9 /* Pods-HMOA_iOSTests.debug.xcconfig */;
			buildSettings = {
				ALWAYS_EMBED_SWIFT_STANDARD_LIBRARIES = "$(inherited)";
				BUNDLE_LOADER = "$(TEST_HOST)";
				CODE_SIGN_STYLE = Automatic;
				CURRENT_PROJECT_VERSION = 1;
				GENERATE_INFOPLIST_FILE = YES;
				IPHONEOS_DEPLOYMENT_TARGET = 16.2;
				MARKETING_VERSION = 1.0;
				PRODUCT_BUNDLE_IDENTIFIER = "com.hyungyu.HMOA-iOSTests";
				PRODUCT_NAME = "$(TARGET_NAME)";
				SWIFT_EMIT_LOC_STRINGS = NO;
				SWIFT_VERSION = 5.0;
				TARGETED_DEVICE_FAMILY = "1,2";
				TEST_HOST = "$(BUILT_PRODUCTS_DIR)/HMOA_iOS.app/$(BUNDLE_EXECUTABLE_FOLDER_PATH)/HMOA_iOS";
			};
			name = Debug;
		};
		2C39AA44296DB4E0000C6F71 /* Release */ = {
			isa = XCBuildConfiguration;
			baseConfigurationReference = D7A11DAE423D71B1F9301948 /* Pods-HMOA_iOSTests.release.xcconfig */;
			buildSettings = {
				ALWAYS_EMBED_SWIFT_STANDARD_LIBRARIES = "$(inherited)";
				BUNDLE_LOADER = "$(TEST_HOST)";
				CODE_SIGN_STYLE = Automatic;
				CURRENT_PROJECT_VERSION = 1;
				GENERATE_INFOPLIST_FILE = YES;
				IPHONEOS_DEPLOYMENT_TARGET = 16.2;
				MARKETING_VERSION = 1.0;
				PRODUCT_BUNDLE_IDENTIFIER = "com.hyungyu.HMOA-iOSTests";
				PRODUCT_NAME = "$(TARGET_NAME)";
				SWIFT_EMIT_LOC_STRINGS = NO;
				SWIFT_VERSION = 5.0;
				TARGETED_DEVICE_FAMILY = "1,2";
				TEST_HOST = "$(BUILT_PRODUCTS_DIR)/HMOA_iOS.app/$(BUNDLE_EXECUTABLE_FOLDER_PATH)/HMOA_iOS";
			};
			name = Release;
		};
		2C39AA46296DB4E0000C6F71 /* Debug */ = {
			isa = XCBuildConfiguration;
			baseConfigurationReference = A7A0E2C9C257B262DBFD4DCA /* Pods-HMOA_iOS-HMOA_iOSUITests.debug.xcconfig */;
			buildSettings = {
				ALWAYS_EMBED_SWIFT_STANDARD_LIBRARIES = "$(inherited)";
				CODE_SIGN_STYLE = Automatic;
				CURRENT_PROJECT_VERSION = 1;
				GENERATE_INFOPLIST_FILE = YES;
				MARKETING_VERSION = 1.0;
				PRODUCT_BUNDLE_IDENTIFIER = "com.hyungyu.HMOA-iOSUITests";
				PRODUCT_NAME = "$(TARGET_NAME)";
				SWIFT_EMIT_LOC_STRINGS = NO;
				SWIFT_VERSION = 5.0;
				TARGETED_DEVICE_FAMILY = "1,2";
				TEST_TARGET_NAME = HMOA_iOS;
			};
			name = Debug;
		};
		2C39AA47296DB4E0000C6F71 /* Release */ = {
			isa = XCBuildConfiguration;
			baseConfigurationReference = 59F6053BF5AC3DBACFB3FCD8 /* Pods-HMOA_iOS-HMOA_iOSUITests.release.xcconfig */;
			buildSettings = {
				ALWAYS_EMBED_SWIFT_STANDARD_LIBRARIES = "$(inherited)";
				CODE_SIGN_STYLE = Automatic;
				CURRENT_PROJECT_VERSION = 1;
				GENERATE_INFOPLIST_FILE = YES;
				MARKETING_VERSION = 1.0;
				PRODUCT_BUNDLE_IDENTIFIER = "com.hyungyu.HMOA-iOSUITests";
				PRODUCT_NAME = "$(TARGET_NAME)";
				SWIFT_EMIT_LOC_STRINGS = NO;
				SWIFT_VERSION = 5.0;
				TARGETED_DEVICE_FAMILY = "1,2";
				TEST_TARGET_NAME = HMOA_iOS;
			};
			name = Release;
		};
/* End XCBuildConfiguration section */

/* Begin XCConfigurationList section */
		2C39AA0D296DB4DE000C6F71 /* Build configuration list for PBXProject "HMOA_iOS" */ = {
			isa = XCConfigurationList;
			buildConfigurations = (
				2C39AA3D296DB4E0000C6F71 /* Debug */,
				2C39AA3E296DB4E0000C6F71 /* Release */,
			);
			defaultConfigurationIsVisible = 0;
			defaultConfigurationName = Release;
		};
		2C39AA3F296DB4E0000C6F71 /* Build configuration list for PBXNativeTarget "HMOA_iOS" */ = {
			isa = XCConfigurationList;
			buildConfigurations = (
				2C39AA40296DB4E0000C6F71 /* Debug */,
				2C39AA41296DB4E0000C6F71 /* Release */,
			);
			defaultConfigurationIsVisible = 0;
			defaultConfigurationName = Release;
		};
		2C39AA42296DB4E0000C6F71 /* Build configuration list for PBXNativeTarget "HMOA_iOSTests" */ = {
			isa = XCConfigurationList;
			buildConfigurations = (
				2C39AA43296DB4E0000C6F71 /* Debug */,
				2C39AA44296DB4E0000C6F71 /* Release */,
			);
			defaultConfigurationIsVisible = 0;
			defaultConfigurationName = Release;
		};
		2C39AA45296DB4E0000C6F71 /* Build configuration list for PBXNativeTarget "HMOA_iOSUITests" */ = {
			isa = XCConfigurationList;
			buildConfigurations = (
				2C39AA46296DB4E0000C6F71 /* Debug */,
				2C39AA47296DB4E0000C6F71 /* Release */,
			);
			defaultConfigurationIsVisible = 0;
			defaultConfigurationName = Release;
		};
/* End XCConfigurationList section */

/* Begin XCRemoteSwiftPackageReference section */
		2C1BD6B429968CE00059A43D /* XCRemoteSwiftPackageReference "Pretendard" */ = {
			isa = XCRemoteSwiftPackageReference;
			repositoryURL = "https://github.com/jaemyeong/Pretendard.git";
			requirement = {
				kind = upToNextMajorVersion;
				minimumVersion = 0.2.5;
			};
		};
/* End XCRemoteSwiftPackageReference section */

/* Begin XCSwiftPackageProductDependency section */
		2C1BD6B529968CE00059A43D /* Pretendard */ = {
			isa = XCSwiftPackageProductDependency;
			package = 2C1BD6B429968CE00059A43D /* XCRemoteSwiftPackageReference "Pretendard" */;
			productName = Pretendard;
		};
/* End XCSwiftPackageProductDependency section */

/* Begin XCVersionGroup section */
		2C39AA1E296DB4DE000C6F71 /* HMOA_iOS.xcdatamodeld */ = {
			isa = XCVersionGroup;
			children = (
				2C39AA1F296DB4DE000C6F71 /* HMOA_iOS.xcdatamodel */,
			);
			currentVersion = 2C39AA1F296DB4DE000C6F71 /* HMOA_iOS.xcdatamodel */;
			path = HMOA_iOS.xcdatamodeld;
			sourceTree = "<group>";
			versionGroupType = wrapper.xcdatamodel;
		};
/* End XCVersionGroup section */
	};
	rootObject = 2C39AA0A296DB4DE000C6F71 /* Project object */;
}
