PODS:
  - Alamofire (5.6.4)
  - AppAuth (1.6.0):
    - AppAuth/Core (= 1.6.0)
    - AppAuth/ExternalUserAgent (= 1.6.0)
  - AppAuth/Core (1.6.0)
  - AppAuth/ExternalUserAgent (1.6.0):
    - AppAuth/Core
  - Differentiator (5.0.0)
  - DropDown (2.3.13)
  - GoogleSignIn (7.0.0):
    - AppAuth (~> 1.5)
    - GTMAppAuth (< 3.0, >= 1.3)
    - GTMSessionFetcher/Core (< 4.0, >= 1.1)
  - GTMAppAuth (2.0.0):
    - AppAuth/Core (~> 1.6)
    - GTMSessionFetcher/Core (< 4.0, >= 1.5)
  - GTMSessionFetcher/Core (3.1.0)
  - KakaoSDKAuth (2.15.0):
    - KakaoSDKCommon (= 2.15.0)
  - KakaoSDKCommon (2.15.0):
    - KakaoSDKCommon/Common (= 2.15.0)
    - KakaoSDKCommon/Network (= 2.15.0)
  - KakaoSDKCommon/Common (2.15.0)
  - KakaoSDKCommon/Network (2.15.0):
    - Alamofire (~> 5.1)
    - KakaoSDKCommon/Common (= 2.15.0)
  - KakaoSDKFriend (2.15.0):
    - KakaoSDKUser (= 2.15.0)
  - KakaoSDKNavi (2.15.0):
    - KakaoSDKCommon/Common (= 2.15.0)
  - KakaoSDKShare (2.15.0):
    - KakaoSDKCommon (= 2.15.0)
    - KakaoSDKTemplate (= 2.15.0)
  - KakaoSDKStory (2.15.0):
    - KakaoSDKUser (= 2.15.0)
  - KakaoSDKTalk (2.15.0):
    - KakaoSDKTemplate (= 2.15.0)
    - KakaoSDKUser (= 2.15.0)
  - KakaoSDKTemplate (2.15.0):
    - KakaoSDKCommon/Common (= 2.15.0)
  - KakaoSDKUser (2.15.0):
    - KakaoSDKAuth (= 2.15.0)
  - Kingfisher (7.5.0)
  - ReactorKit (3.2.0):
    - RxSwift (~> 6.0)
    - WeakMapTable (~> 1.1)
  - RxAlamofire (6.1.1):
    - RxAlamofire/Core (= 6.1.1)
  - RxAlamofire/Core (6.1.1):
    - Alamofire (~> 5.4)
    - RxSwift (~> 6.0)
  - RxAppState (1.7.1):
    - RxCocoa (~> 6.2)
    - RxSwift (~> 6.2)
  - RxCocoa (6.5.0):
    - RxRelay (= 6.5.0)
    - RxSwift (= 6.5.0)
  - RxDataSources (5.0.0):
    - Differentiator (~> 5.0)
    - RxCocoa (~> 6.0)
    - RxSwift (~> 6.0)
  - RxKakaoSDK (2.15.0):
    - KakaoSDKNavi (= 2.15.0)
    - KakaoSDKTemplate (= 2.15.0)
    - RxKakaoSDKAuth (= 2.15.0)
    - RxKakaoSDKCommon (= 2.15.0)
    - RxKakaoSDKFriend (= 2.15.0)
    - RxKakaoSDKShare (= 2.15.0)
    - RxKakaoSDKStory (= 2.15.0)
    - RxKakaoSDKTalk (= 2.15.0)
    - RxKakaoSDKUser (= 2.15.0)
  - RxKakaoSDKAuth (2.15.0):
    - KakaoSDKAuth (= 2.15.0)
    - RxKakaoSDKCommon (= 2.15.0)
  - RxKakaoSDKCommon (2.15.0):
    - RxKakaoSDKCommon/Common (= 2.15.0)
    - RxKakaoSDKCommon/Network (= 2.15.0)
  - RxKakaoSDKCommon/Common (2.15.0):
    - KakaoSDKCommon/Common (= 2.15.0)
    - RxCocoa
    - RxSwift (~> 6.0)
  - RxKakaoSDKCommon/Network (2.15.0):
    - KakaoSDKCommon/Network (= 2.15.0)
    - RxAlamofire (~> 6.0)
    - RxKakaoSDKCommon/Common (= 2.15.0)
  - RxKakaoSDKFriend (2.15.0):
    - KakaoSDKFriend (= 2.15.0)
    - RxKakaoSDKUser (= 2.15.0)
  - RxKakaoSDKShare (2.15.0):
    - KakaoSDKShare (= 2.15.0)
    - RxKakaoSDKCommon (= 2.15.0)
  - RxKakaoSDKStory (2.15.0):
    - KakaoSDKStory (= 2.15.0)
    - RxKakaoSDKUser (= 2.15.0)
  - RxKakaoSDKTalk (2.15.0):
    - KakaoSDKTalk (= 2.15.0)
    - KakaoSDKTemplate (= 2.15.0)
    - RxKakaoSDKUser (= 2.15.0)
  - RxKakaoSDKUser (2.15.0):
    - KakaoSDKUser (= 2.15.0)
    - RxKakaoSDKAuth (= 2.15.0)
  - RxRelay (6.5.0):
    - RxSwift (= 6.5.0)
  - RxSwift (6.5.0)
  - SnapKit (5.6.0)
  - TagListView (1.4.1)
  - Then (3.0.0)
  - WeakMapTable (1.2.0)

DEPENDENCIES:
  - Alamofire
  - DropDown
  - GoogleSignIn
  - Kingfisher
  - ReactorKit
  - RxAppState
  - RxCocoa
  - RxDataSources
  - RxKakaoSDK
  - RxSwift
  - SnapKit
  - TagListView
  - Then

SPEC REPOS:
  trunk:
    - Alamofire
    - AppAuth
    - Differentiator
    - DropDown
    - GoogleSignIn
    - GTMAppAuth
    - GTMSessionFetcher
    - KakaoSDKAuth
    - KakaoSDKCommon
    - KakaoSDKFriend
    - KakaoSDKNavi
    - KakaoSDKShare
    - KakaoSDKStory
    - KakaoSDKTalk
    - KakaoSDKTemplate
    - KakaoSDKUser
    - Kingfisher
    - ReactorKit
    - RxAlamofire
    - RxAppState
    - RxCocoa
    - RxDataSources
    - RxKakaoSDK
    - RxKakaoSDKAuth
    - RxKakaoSDKCommon
    - RxKakaoSDKFriend
    - RxKakaoSDKShare
    - RxKakaoSDKStory
    - RxKakaoSDKTalk
    - RxKakaoSDKUser
    - RxRelay
    - RxSwift
    - SnapKit
    - TagListView
    - Then
    - WeakMapTable

SPEC CHECKSUMS:
  Alamofire: 4e95d97098eacb88856099c4fc79b526a299e48c
  AppAuth: 8fca6b5563a5baef2c04bee27538025e4ceb2add
  Differentiator: e8497ceab83c1b10ca233716d547b9af21b9344d
  DropDown: 8a2116376c1981888557f72ec2ffc9a5e0e456ec
  GoogleSignIn: b232380cf495a429b8095d3178a8d5855b42e842
  GTMAppAuth: 99fb010047ba3973b7026e45393f51f27ab965ae
  GTMSessionFetcher: c9e714f7eec91a55641e2bab9f45fd83a219b882
  KakaoSDKAuth: 0fe5cf1756e8a9f66f8fc77826061aafa93034f3
  KakaoSDKCommon: 89d863b7f34398e6fb93a0acb28a204908551a39
  KakaoSDKFriend: 09a67aa6e2e47301558cc4b74e71633bbfce399e
  KakaoSDKNavi: b47131f0fa64857bc69d3fe7d2cad5fa70137900
  KakaoSDKShare: f9a7dc7baa8ad9eb7b6b6a3b99802407ab3c81a2
  KakaoSDKStory: d7c0c186bf869a6b107c5d416ad7f2a88fa524a9
  KakaoSDKTalk: 846856743650b0eea4040a38368a7c1e8dcb0072
  KakaoSDKTemplate: c9cbc64b0248c7a33c211a56dada7e38c1210751
  KakaoSDKUser: a997ca5c4c18ece2ab30646ff74841bc29d4399d
  Kingfisher: b9c2a4a4af2990a768445c277359b27bde287d71
  ReactorKit: e8b11d6b9c415405f381669b095c154a05b59eca
  RxAlamofire: beb75a1c452d0de225651db4903f5d29d034a620
  RxAppState: 9c34f951d4ff8b9034f84016fe766202365bceb2
  RxCocoa: 94f817b71c07517321eb4f9ad299112ca8af743b
  RxDataSources: aa47cc1ed6c500fa0dfecac5c979b723542d79cf
  RxKakaoSDK: fb966a9b15127300a5737b790a13ad45490f9a62
  RxKakaoSDKAuth: e7d0ac86282b29538a30d63b83793539344d2271
  RxKakaoSDKCommon: 31411d8a4945bb347067fe80159210e9d175d7e6
  RxKakaoSDKFriend: 080f3f592eb4ba5fa362aa8c29e9c30bc8a75ad2
  RxKakaoSDKShare: c7457537a7e6df32607aaa6300a387effede80b4
  RxKakaoSDKStory: 70b5ba4f9b93afb09bf2e134f95d9545092b646c
  RxKakaoSDKTalk: 5a85b696f5ecfc09267696bf548d3b2265c2e354
  RxKakaoSDKUser: 08a495ae92224487a6c19f3b7495ccfcdb1b183e
  RxRelay: 1de1523e604c72b6c68feadedd1af3b1b4d0ecbd
  RxSwift: 5710a9e6b17f3c3d6e40d6e559b9fa1e813b2ef8
  SnapKit: e01d52ebb8ddbc333eefe2132acf85c8227d9c25
  TagListView: a1c236d17960a0cf64156725a76ce6d73ebce2be
  Then: 844265ae87834bbe1147d91d5d41a404da2ec27d
  WeakMapTable: 05c694ce8439a7a9ebabb56187287a63c57673d6

PODFILE CHECKSUM: 1236bffb16cc87b37e07186e12e811d206d1df3e

COCOAPODS: 1.12.1
